{
  "version": 4,
  "terraform_version": "0.12.24",
  "serial": 3,
  "lineage": "497fc5be-7859-78a7-2873-ae4a0c3b7eac",
  "outputs": {},
  "resources": [
    {
      "module": "module.dev.module.micro_cluster",
      "mode": "managed",
      "type": "google_container_cluster",
      "name": "cluster",
      "provider": "module.dev.provider.google",
      "instances": [
        {
          "schema_version": 1,
          "attributes": {
            "additional_zones": [],
            "addons_config": [
              {
                "horizontal_pod_autoscaling": [],
                "http_load_balancing": [],
                "kubernetes_dashboard": [],
                "network_policy_config": [
                  {
                    "disabled": true
                  }
                ]
              }
            ],
            "authenticator_groups_config": [],
            "cluster_autoscaling": [
              {
                "auto_provisioning_defaults": [],
                "enabled": false,
                "resource_limits": []
              }
            ],
            "cluster_ipv4_cidr": "10.16.0.0/14",
            "default_max_pods_per_node": 110,
            "description": "",
            "enable_binary_authorization": false,
            "enable_intranode_visibility": null,
            "enable_kubernetes_alpha": false,
            "enable_legacy_abac": false,
            "enable_tpu": null,
            "endpoint": "35.222.130.229",
            "id": "projects/groovy-student-275113/locations/us-central1-c/clusters/microservices",
            "initial_node_count": 1,
            "instance_group_urls": [],
            "ip_allocation_policy": [],
            "label_fingerprint": "a9dc16a7",
            "location": "us-central1-c",
            "logging_service": "logging.googleapis.com/kubernetes",
            "maintenance_policy": [
              {
                "daily_maintenance_window": [
                  {
                    "duration": "PT4H0M0S",
                    "start_time": "00:00"
                  }
                ],
                "recurring_window": []
              }
            ],
            "master_auth": [
              {
                "client_certificate": "",
                "client_certificate_config": [
                  {
                    "issue_client_certificate": false
                  }
                ],
                "client_key": "",
                "cluster_ca_certificate": "LS0tLS1CRUdJTiBDRVJUSUZJQ0FURS0tLS0tCk1JSURDekNDQWZPZ0F3SUJBZ0lRUnhYUG8yZ2UvYXl1ZzRHV1RCb0FTREFOQmdrcWhraUc5dzBCQVFzRkFEQXYKTVMwd0t3WURWUVFERXlReE56bGhOVGc0TlMweVpERmtMVFExWVdNdFltVm1OQzB4WkRnek1XUXpNakEwT1dZdwpIaGNOTWpBd05UQTNNVGsxTXpFMVdoY05NalV3TlRBMk1qQTFNekUxV2pBdk1TMHdLd1lEVlFRREV5UXhOemxoCk5UZzROUzB5WkRGa0xUUTFZV010WW1WbU5DMHhaRGd6TVdRek1qQTBPV1l3Z2dFaU1BMEdDU3FHU0liM0RRRUIKQVFVQUE0SUJEd0F3Z2dFS0FvSUJBUURCM1phc05Id0UwV1hicHVEWm1vS1F6WVZRTHhLWUhuWis5WXJuZTJlZAptMVBLZ2d3aEhmS05nazhsVHZsK0tpOGxjQzRQTlJZRll2V3FXcDVyWStoNngzQTh6TnNVcld2am8xUkJaS3N4CllmUHhRZjBkRTlzSHY5TVVCT2ExRmFIeUVsb0NJRlNrdzF1Y2J1cDJTbVdOWDdwOVBKTXJRWWVHUmRTNXZ0MlgKSmovVFdkdXhLcURTY0Nhby9wVEFleXBtTlljU0F2eTk5RWlJTys4NVVZdzVDWHVBU1hJM2VMZ2FpT2QyL3h3Ygoxb2FpWk03MjhJNkJLcHR1RDF5ZDhZUzQ5VlNZZ3E2dFhTSng3dXdDSGJEMGhROFBqNXVQRmJyQm1lbG1wdHhTCitmaEZ2SnZOSmlQemhzYkhDTUZBQzNyRGpEd3Btdm5UVmxmdi9HUHR2MlpOQWdNQkFBR2pJekFoTUE0R0ExVWQKRHdFQi93UUVBd0lDQkRBUEJnTlZIUk1CQWY4RUJUQURBUUgvTUEwR0NTcUdTSWIzRFFFQkN3VUFBNElCQVFBYgovU0IyaGdZN2xmSXZReWhyL2FYRTdqUW52aXZlSTJJSjZMcTZoTEVQUDNaL3N4M0sxWVlhczZRQ3NhZ2I4L0hFClNzVmppM0lGV0RlOVp0cklFTU04YXNrWVhhVkZZN3pIT0l1T2JRa280ZWxUZHNtTlJSOHBkNGN2dmVFWjl5dWIKSlpXdlI3VlhieHlGRmZpUzVwTXlJaENpVWlRSVcrdk1yQ2R4ajVaY1laUFltdUFCYzlQRGpaaW5NQWFXcldCegpnRGM2d0dnY09Id2VTcDRLRDNDczM0VFA4N2EzVUdMdTV5eTU1aGE4VGpwS0xINnlwUlJqWFk0YmtMTUxZc2UxCnFCWGtMNEdMSzBHdkhMMVdwczIyakIxWHdMSHBnZXZvZFRvUFNvMklEL3FodzZVQWowcjFHcDRlUmxTK1hBcUkKd3JZcEtiNzlUai9tNWNyaXBib2oKLS0tLS1FTkQgQ0VSVElGSUNBVEUtLS0tLQo=",
                "password": "",
                "username": ""
              }
            ],
            "master_authorized_networks_config": [],
            "master_version": "1.14.10-gke.27",
            "min_master_version": null,
            "monitoring_service": "monitoring.googleapis.com/kubernetes",
            "name": "microservices",
            "network": "projects/groovy-student-275113/global/networks/default",
            "network_policy": [
              {
                "enabled": false,
                "provider": "PROVIDER_UNSPECIFIED"
              }
            ],
            "node_config": [],
            "node_locations": [],
            "node_pool": [],
            "node_version": "1.14.10-gke.27",
            "operation": null,
            "pod_security_policy_config": null,
            "private_cluster_config": [],
            "project": "groovy-student-275113",
            "region": null,
            "remove_default_node_pool": true,
            "resource_labels": null,
            "resource_usage_export_config": [],
            "services_ipv4_cidr": "10.19.240.0/20",
            "subnetwork": "projects/groovy-student-275113/regions/us-central1/subnetworks/default",
            "timeouts": null,
            "vertical_pod_autoscaling": [],
            "zone": null
          },
          "private": "eyJlMmJmYjczMC1lY2FhLTExZTYtOGY4OC0zNDM2M2JjN2M0YzAiOnsiY3JlYXRlIjoyNDAwMDAwMDAwMDAwLCJkZWxldGUiOjI0MDAwMDAwMDAwMDAsInVwZGF0ZSI6MzYwMDAwMDAwMDAwMH0sInNjaGVtYV92ZXJzaW9uIjoiMSJ9"
        }
      ]
    },
    {
      "module": "module.dev.module.micro_cluster",
      "mode": "managed",
      "type": "google_container_node_pool",
      "name": "nodes",
      "provider": "module.dev.provider.google",
      "instances": [
        {
          "schema_version": 1,
          "attributes": {
            "autoscaling": [],
            "cluster": "microservices",
            "id": "projects/groovy-student-275113/locations/us-central1-c/clusters/microservices/nodePools/node-pool",
            "initial_node_count": 3,
            "instance_group_urls": [
              "https://www.googleapis.com/compute/v1/projects/groovy-student-275113/zones/us-central1-c/instanceGroupManagers/gke-microservices-node-pool-89a34278-grp"
            ],
            "location": "us-central1-c",
            "management": [
              {
                "auto_repair": false,
                "auto_upgrade": true
              }
            ],
            "max_pods_per_node": null,
            "name": "node-pool",
            "name_prefix": "",
            "node_config": [
              {
                "disk_size_gb": 100,
                "disk_type": "pd-standard",
                "guest_accelerator": [],
                "image_type": "COS",
                "labels": {},
                "local_ssd_count": 0,
                "machine_type": "n1-standard-1",
                "metadata": {
                  "disable-legacy-endpoints": "true"
                },
                "min_cpu_platform": "",
                "oauth_scopes": [
                  "https://www.googleapis.com/auth/logging.write",
                  "https://www.googleapis.com/auth/monitoring"
                ],
                "preemptible": true,
                "sandbox_config": [],
                "service_account": "default",
                "shielded_instance_config": [
                  {
                    "enable_integrity_monitoring": true,
                    "enable_secure_boot": false
                  }
                ],
                "tags": null,
                "taint": [],
                "workload_metadata_config": []
              }
            ],
            "node_count": 3,
            "project": "groovy-student-275113",
            "region": null,
            "timeouts": null,
            "upgrade_settings": [
              {
                "max_surge": 1,
                "max_unavailable": 0
              }
            ],
            "version": "1.14.10-gke.27",
            "zone": null
          },
          "private": "eyJlMmJmYjczMC1lY2FhLTExZTYtOGY4OC0zNDM2M2JjN2M0YzAiOnsiY3JlYXRlIjoxODAwMDAwMDAwMDAwLCJkZWxldGUiOjE4MDAwMDAwMDAwMDAsInVwZGF0ZSI6MTgwMDAwMDAwMDAwMH0sInNjaGVtYV92ZXJzaW9uIjoiMSJ9",
          "dependencies": [
            "module.dev.module.micro_cluster.google_container_cluster.cluster"
          ]
        }
      ]
    }
  ]
}
