{
  "version": 4,
  "terraform_version": "0.12.24",
  "serial": 84,
  "lineage": "bcc237fe-1fe7-a7b0-51e9-aa2b8ec63268",
  "outputs": {
    "dev_setup": {
      "value": {
        "cluster": {
          "cluster_name": "microservices",
          "gcp_cluster_endpoint": "34.69.175.47",
          "status": "done"
        },
        "jenkins": {
          "service_account": {
            "service_account_email": "jenkins-registry@groovy-student-275113.iam.gserviceaccount.com",
            "service_account_json_key": "{\n  \"type\": \"service_account\",\n  \"project_id\": \"groovy-student-275113\",\n  \"private_key_id\": \"f5fac00e7e4b7c0706f777114fb2e47c23ba3aa8\",\n  \"private_key\": \"-----BEGIN PRIVATE KEY-----\\nMIIEvQIBADANBgkqhkiG9w0BAQEFAASCBKcwggSjAgEAAoIBAQCWdCV/g3R9OvKY\\nyOcsDxA7FsmA1G9BjYHk5iC9t3q+1mceqq1WeMEnyeM4gskm0QZ4NwAWyqV59NvE\\n0ksf1snZP6wTOJwGLDsaZmoAly11x3t2j0MhREqXHugZ6kl6Jhgm0nR7slaUCfpz\\nF7yp+DOd8SqwT1TY7zpu/gchAc9Cgdv4c2TenNoXg+GprffCeQBW+pATJkBuzn1q\\nC6V7UlgBtI8G/hkNqS9igfwCWm+eWGeV6tieLJFejbNnkPVXm07mih1QLllitX7t\\nBrLlR4K9UcYEi42m2no0VlBT0BFc7cn39YvVXJA5VF5EJORfU2W/rpgP0A/ql7Ha\\nRNLwlzTJAgMBAAECggEACC59/QiNIMPAPkh7kMDrcykmsU2sFKqhMA1HJcX44/CV\\nGDz0EuYba+Jdy7yJ+4VFpqsoAzVHKSIEgvgkG3HC1YBxxzROgMPuPV3pIQnXkCZ2\\nS3DYN9KGw1/MA5/C2eSBLvhGGxVsQZ3my5Q0f2I2zV2YYpDX1nmw6ekAwn3ek1lW\\n3mRrnAeJig3lcdMu87PSTu+UC0qrhhPlLsQ8Gr8W2sV1KXUJ6pTioy3ewRjDY3sv\\nxqyZSsdFL8n3gc8UidaMqE6AKgBEGgnHAa0wjGPJPQIPYelzgLAF0Y4t+Mw/JYI7\\nIGnz3U1G1O+e5gGelPjOQJYlqJf0HL2Ak4aZJFXzoQKBgQDJ1T4c25CNk9izKYxo\\n8BHpFL0tuTyprWyxwGh/62GYqmwt8Jyfrs3kuKwcAUMcwGRAyA0oBHouROGUZd9U\\nyP6nGjxO+28Q0f46YELN0u3WUJv4ifcowcuufF2oj9mAUmdohgH3hyIV+GWQcGY8\\naohSqsQCJxF+x3sz4b6d/UsZ6QKBgQC+1O96ftJlvRymM5XAyghYAXbp/PuD5lGE\\nEg0JR6Cu+SkVUeEMNpmfHXv7bbDUXxM+zAsSdAjSRh3GHN3zD9lmDiT9VgAT0+oT\\noGyRI6x1qJsEZ8M+X7fMQsAvO66qs+Lvckl4ZgfTkgHuot7t4Mc3JinJ/zhA3ne5\\nCqPqTcWX4QKBgDpJOKzAw5f/MD9dKk1LtwBmmtNPgTNG//K9K/B1GzQpUyBZMgHz\\nS0ZYBmv3+VeeP9VtcE80K8yc28AtQzeK6+955hyxA7wJyK83CVPDLCgOE1zNCvFc\\nNePnymxZTmh+Y5qNyJehELjjiQETVJLx+PhWlFBC1AyWsv+im5eohD2xAoGBAL0J\\nAhE9//14UCDziKzpdUp4aOtxB1WpmaZSm0dOBQZPGztbWKtYiuTruB1gk4JMjCvw\\nxCcLepGRk3zkq5hTYu+No2axAnKhwYafq+w6gmQrGSRMBUSMXO2iUe54GJZQi8TW\\nWaFCsQ4L3I4gGOVbfPxMeaj3gSoBNme++pDnaY0BAoGAQ3dzDNrsTl65yFrlXAYb\\nVpfWszvhwe0Tk70/JblHFwKPTUm91Q8cahEvTdz9Iw/jKt3dqQWFvyiFRpgAVzBn\\nDtuvxTw8GTF9rIJ8UcPA5IKHyy/Pr9UXVVyF8MGj8SqJr/tprofoAdemRapRKZB8\\n0/J1kz3VPV1nlHlbgLpmbWA=\\n-----END PRIVATE KEY-----\\n\",\n  \"client_email\": \"jenkins-registry@groovy-student-275113.iam.gserviceaccount.com\",\n  \"client_id\": \"102057728781372395739\",\n  \"auth_uri\": \"https://accounts.google.com/o/oauth2/auth\",\n  \"token_uri\": \"https://oauth2.googleapis.com/token\",\n  \"auth_provider_x509_cert_url\": \"https://www.googleapis.com/oauth2/v1/certs\",\n  \"client_x509_cert_url\": \"https://www.googleapis.com/robot/v1/metadata/x509/jenkins-registry%40groovy-student-275113.iam.gserviceaccount.com\"\n}\n",
            "status": "done"
          },
          "status": "done"
        }
      },
      "type": [
        "object",
        {
          "cluster": [
            "object",
            {
              "cluster_name": "string",
              "gcp_cluster_endpoint": "string",
              "status": "string"
            }
          ],
          "jenkins": [
            "object",
            {
              "service_account": [
                "object",
                {
                  "service_account_email": "string",
                  "service_account_json_key": "string",
                  "status": "string"
                }
              ],
              "status": "string"
            }
          ]
        }
      ]
    }
  },
  "resources": [
    {
      "module": "module.dev.module.create_cluster",
      "mode": "managed",
      "type": "google_container_cluster",
      "name": "cluster",
      "provider": "module.dev.provider.google",
      "instances": [
        {
          "schema_version": 1,
          "attributes": {
            "additional_zones": [],
            "addons_config": [
              {
                "horizontal_pod_autoscaling": [],
                "http_load_balancing": [],
                "kubernetes_dashboard": [],
                "network_policy_config": [
                  {
                    "disabled": true
                  }
                ]
              }
            ],
            "authenticator_groups_config": [],
            "cluster_autoscaling": [
              {
                "auto_provisioning_defaults": [],
                "enabled": false,
                "resource_limits": []
              }
            ],
            "cluster_ipv4_cidr": "10.16.0.0/14",
            "default_max_pods_per_node": 110,
            "description": "",
            "enable_binary_authorization": false,
            "enable_intranode_visibility": null,
            "enable_kubernetes_alpha": false,
            "enable_legacy_abac": false,
            "enable_tpu": null,
            "endpoint": "34.69.175.47",
            "id": "projects/groovy-student-275113/locations/us-central1-c/clusters/microservices",
            "initial_node_count": 1,
            "instance_group_urls": [
              "https://www.googleapis.com/compute/v1/projects/groovy-student-275113/zones/us-central1-c/instanceGroups/gke-microservices-node-pool-c2617988-grp"
            ],
            "ip_allocation_policy": [],
            "label_fingerprint": "a9dc16a7",
            "location": "us-central1-c",
            "logging_service": "logging.googleapis.com/kubernetes",
            "maintenance_policy": [
              {
                "daily_maintenance_window": [
                  {
                    "duration": "PT4H0M0S",
                    "start_time": "00:00"
                  }
                ],
                "recurring_window": []
              }
            ],
            "master_auth": [
              {
                "client_certificate": "",
                "client_certificate_config": [
                  {
                    "issue_client_certificate": false
                  }
                ],
                "client_key": "",
                "cluster_ca_certificate": "LS0tLS1CRUdJTiBDRVJUSUZJQ0FURS0tLS0tCk1JSURDekNDQWZPZ0F3SUJBZ0lRUXNRQTBQOUliYUFKYlFGanMwUUZYekFOQmdrcWhraUc5dzBCQVFzRkFEQXYKTVMwd0t3WURWUVFERXlSbVpqTTBNRGhtWmkxbVpUZ3lMVFJqTnpJdFlUTmxNQzFsWWpsalptSXlaRFZsTVRFdwpIaGNOTWpBd05URXhNRGd3TWpJd1doY05NalV3TlRFd01Ea3dNakl3V2pBdk1TMHdLd1lEVlFRREV5Um1aak0wCk1EaG1aaTFtWlRneUxUUmpOekl0WVRObE1DMWxZamxqWm1JeVpEVmxNVEV3Z2dFaU1BMEdDU3FHU0liM0RRRUIKQVFVQUE0SUJEd0F3Z2dFS0FvSUJBUUNkUjh2eC9RR3ZVQURBMmY0UUd2eWV4cDJvK2pmeXhGRXh2UU1nQlhXdQpBVGFxWm5keldKblptT0VZOE9POWc3UktTQlppTmtsMmY0VHBkdFJYYlBTSGI1cUwwbloyYlNZUHlhUmNWMVRmClNOdXRNY0ROOHlKM0ZlWkJWYkJCOWpTeVVkOXZwdFRnZDY1UnRSQ3VPcThTODI1SWtrMkRRNWJCaVJKR1liMUMKTExabklGaDlnemdTbitWVEticDE4M05UY1c0RFBlUVIvWmxzb0crVFY3RXVqS1E0QmxiWlFVRVZJMFY1bHlLRApwWG9ZM0laMUh6czFSdEdmM29MNVJ2QmVaTmE1ZUdPdVZIZ2ZkL0ltSzFwSE5JRE0rd1VxTU5LN0VZZk5BS3FjClBxT21BQzJRdnhBQSt1anBCcWhJazVLbFBna0pRakhoaHY3aFZkd3RQNWdiQWdNQkFBR2pJekFoTUE0R0ExVWQKRHdFQi93UUVBd0lDQkRBUEJnTlZIUk1CQWY4RUJUQURBUUgvTUEwR0NTcUdTSWIzRFFFQkN3VUFBNElCQVFCQwowZ1M5Q09ZVHlWSEhqbXNlZk41WGQ0amlxVkk0a3FzQUVTVHEwbzBuNjFGb1VxYzR4MDdTMmduRGxQZEREWGRrCkJBMGxJSnd1anA3OEhPSUlFWGxSVThPb052dW5YcDkvTDJYaWpqQmRTVnE0Z0ZaTVRyM1Q5V1NCeDkyVDdQQlAKUEp1ZEx2N3lyRUNHMnZiemY3b244SElNcjM1M3pwdVBOU0JJU05sUTZHazg3dXNXVVE4Sk9QOUNYbXJmYnMxKwo5WTVGd0pCblZxVzBwZitpVTRvWjBRTTgxamdDVHhpbE9KNFl1V3c3L3hpblRTODc0MnM0NGhFMkhJQkphYjBNCkkxUTFhUGQ2T1VhQmtWcFZ2T3RhY1ozNEZ5VFBBSzNjd3ZCbTV0NVpjUG52ckVLMWExQXRiZUplcjhGZ3YwZGEKU3MyY21xemJtWHR1SGJyeFdBdnMKLS0tLS1FTkQgQ0VSVElGSUNBVEUtLS0tLQo=",
                "password": "",
                "username": ""
              }
            ],
            "master_authorized_networks_config": [],
            "master_version": "1.14.10-gke.27",
            "min_master_version": null,
            "monitoring_service": "monitoring.googleapis.com/kubernetes",
            "name": "microservices",
            "network": "projects/groovy-student-275113/global/networks/default",
            "network_policy": [
              {
                "enabled": false,
                "provider": "PROVIDER_UNSPECIFIED"
              }
            ],
            "node_config": [
              {
                "disk_size_gb": 100,
                "disk_type": "pd-standard",
                "guest_accelerator": [],
                "image_type": "COS",
                "labels": {},
                "local_ssd_count": 0,
                "machine_type": "n1-standard-2",
                "metadata": {
                  "disable-legacy-endpoints": "true"
                },
                "min_cpu_platform": "",
                "oauth_scopes": [
                  "https://www.googleapis.com/auth/compute",
                  "https://www.googleapis.com/auth/devstorage.read_only",
                  "https://www.googleapis.com/auth/logging.write",
                  "https://www.googleapis.com/auth/monitoring",
                  "https://www.googleapis.com/auth/monitoring.write",
                  "https://www.googleapis.com/auth/service.management.readonly",
                  "https://www.googleapis.com/auth/servicecontrol"
                ],
                "preemptible": true,
                "sandbox_config": [],
                "service_account": "default",
                "shielded_instance_config": [
                  {
                    "enable_integrity_monitoring": true,
                    "enable_secure_boot": false
                  }
                ],
                "tags": [],
                "taint": [],
                "workload_metadata_config": []
              }
            ],
            "node_locations": [],
            "node_pool": [
              {
                "autoscaling": [],
                "initial_node_count": 3,
                "instance_group_urls": [
                  "https://www.googleapis.com/compute/v1/projects/groovy-student-275113/zones/us-central1-c/instanceGroupManagers/gke-microservices-node-pool-c2617988-grp"
                ],
                "management": [
                  {
                    "auto_repair": false,
                    "auto_upgrade": true
                  }
                ],
                "max_pods_per_node": 0,
                "name": "node-pool",
                "name_prefix": "",
                "node_config": [
                  {
                    "disk_size_gb": 100,
                    "disk_type": "pd-standard",
                    "guest_accelerator": [],
                    "image_type": "COS",
                    "labels": {},
                    "local_ssd_count": 0,
                    "machine_type": "n1-standard-2",
                    "metadata": {
                      "disable-legacy-endpoints": "true"
                    },
                    "min_cpu_platform": "",
                    "oauth_scopes": [
                      "https://www.googleapis.com/auth/compute",
                      "https://www.googleapis.com/auth/devstorage.read_only",
                      "https://www.googleapis.com/auth/logging.write",
                      "https://www.googleapis.com/auth/monitoring",
                      "https://www.googleapis.com/auth/monitoring.write",
                      "https://www.googleapis.com/auth/service.management.readonly",
                      "https://www.googleapis.com/auth/servicecontrol"
                    ],
                    "preemptible": true,
                    "sandbox_config": [],
                    "service_account": "default",
                    "shielded_instance_config": [
                      {
                        "enable_integrity_monitoring": true,
                        "enable_secure_boot": false
                      }
                    ],
                    "tags": [],
                    "taint": [],
                    "workload_metadata_config": []
                  }
                ],
                "node_count": 3,
                "upgrade_settings": [
                  {
                    "max_surge": 1,
                    "max_unavailable": 0
                  }
                ],
                "version": "1.14.10-gke.27"
              }
            ],
            "node_version": "1.14.10-gke.27",
            "operation": null,
            "pod_security_policy_config": [],
            "private_cluster_config": [],
            "project": "groovy-student-275113",
            "region": null,
            "remove_default_node_pool": true,
            "resource_labels": {},
            "resource_usage_export_config": [],
            "services_ipv4_cidr": "10.19.240.0/20",
            "subnetwork": "projects/groovy-student-275113/regions/us-central1/subnetworks/default",
            "timeouts": null,
            "vertical_pod_autoscaling": [],
            "zone": null
          },
          "private": "eyJlMmJmYjczMC1lY2FhLTExZTYtOGY4OC0zNDM2M2JjN2M0YzAiOnsiY3JlYXRlIjoyNDAwMDAwMDAwMDAwLCJkZWxldGUiOjI0MDAwMDAwMDAwMDAsInVwZGF0ZSI6MzYwMDAwMDAwMDAwMH0sInNjaGVtYV92ZXJzaW9uIjoiMSJ9"
        }
      ]
    },
    {
      "module": "module.dev.module.create_cluster",
      "mode": "managed",
      "type": "google_container_node_pool",
      "name": "nodes",
      "provider": "module.dev.provider.google",
      "instances": [
        {
          "schema_version": 1,
          "attributes": {
            "autoscaling": [],
            "cluster": "microservices",
            "id": "projects/groovy-student-275113/locations/us-central1-c/clusters/microservices/nodePools/node-pool",
            "initial_node_count": 3,
            "instance_group_urls": [
              "https://www.googleapis.com/compute/v1/projects/groovy-student-275113/zones/us-central1-c/instanceGroupManagers/gke-microservices-node-pool-c2617988-grp"
            ],
            "location": "us-central1-c",
            "management": [
              {
                "auto_repair": false,
                "auto_upgrade": true
              }
            ],
            "max_pods_per_node": null,
            "name": "node-pool",
            "name_prefix": "",
            "node_config": [
              {
                "disk_size_gb": 100,
                "disk_type": "pd-standard",
                "guest_accelerator": [],
                "image_type": "COS",
                "labels": {},
                "local_ssd_count": 0,
                "machine_type": "n1-standard-2",
                "metadata": {
                  "disable-legacy-endpoints": "true"
                },
                "min_cpu_platform": "",
                "oauth_scopes": [
                  "https://www.googleapis.com/auth/compute",
                  "https://www.googleapis.com/auth/devstorage.read_only",
                  "https://www.googleapis.com/auth/logging.write",
                  "https://www.googleapis.com/auth/monitoring",
                  "https://www.googleapis.com/auth/monitoring.write",
                  "https://www.googleapis.com/auth/service.management.readonly",
                  "https://www.googleapis.com/auth/servicecontrol"
                ],
                "preemptible": true,
                "sandbox_config": [],
                "service_account": "default",
                "shielded_instance_config": [
                  {
                    "enable_integrity_monitoring": true,
                    "enable_secure_boot": false
                  }
                ],
                "tags": [],
                "taint": [],
                "workload_metadata_config": []
              }
            ],
            "node_count": 3,
            "project": "groovy-student-275113",
            "region": null,
            "timeouts": null,
            "upgrade_settings": [
              {
                "max_surge": 1,
                "max_unavailable": 0
              }
            ],
            "version": "1.14.10-gke.27",
            "zone": null
          },
          "private": "eyJlMmJmYjczMC1lY2FhLTExZTYtOGY4OC0zNDM2M2JjN2M0YzAiOnsiY3JlYXRlIjoxODAwMDAwMDAwMDAwLCJkZWxldGUiOjE4MDAwMDAwMDAwMDAsInVwZGF0ZSI6MTgwMDAwMDAwMDAwMH0sInNjaGVtYV92ZXJzaW9uIjoiMSJ9",
          "dependencies": [
            "module.dev.module.create_cluster.google_container_cluster.cluster"
          ]
        }
      ]
    },
    {
      "module": "module.dev.module.setup_jenkins.module.create_service_account",
      "mode": "managed",
      "type": "google_project_iam_member",
      "name": "role-binding",
      "each": "list",
      "provider": "module.dev.provider.google",
      "instances": [
        {
          "index_key": 0,
          "schema_version": 0,
          "attributes": {
            "etag": "BwWlb7cRY+0=",
            "id": "groovy-student-275113/roles/storage.admin/serviceaccount:jenkins-registry@groovy-student-275113.iam.gserviceaccount.com",
            "member": "serviceAccount:jenkins-registry@groovy-student-275113.iam.gserviceaccount.com",
            "project": "groovy-student-275113",
            "role": "roles/storage.admin"
          },
          "private": "bnVsbA==",
          "dependencies": [
            "module.dev.module.setup_jenkins.module.create_service_account.google_service_account.service_account"
          ]
        },
        {
          "index_key": 1,
          "schema_version": 0,
          "attributes": {
            "etag": "BwWlb7cRY+0=",
            "id": "groovy-student-275113/roles/storage.objectAdmin/serviceaccount:jenkins-registry@groovy-student-275113.iam.gserviceaccount.com",
            "member": "serviceAccount:jenkins-registry@groovy-student-275113.iam.gserviceaccount.com",
            "project": "groovy-student-275113",
            "role": "roles/storage.objectAdmin"
          },
          "private": "bnVsbA==",
          "dependencies": [
            "module.dev.module.setup_jenkins.module.create_service_account.google_service_account.service_account"
          ]
        },
        {
          "index_key": 2,
          "schema_version": 0,
          "attributes": {
            "etag": "BwWlb7cRY+0=",
            "id": "groovy-student-275113/roles/container.developer/serviceaccount:jenkins-registry@groovy-student-275113.iam.gserviceaccount.com",
            "member": "serviceAccount:jenkins-registry@groovy-student-275113.iam.gserviceaccount.com",
            "project": "groovy-student-275113",
            "role": "roles/container.developer"
          },
          "private": "bnVsbA==",
          "dependencies": [
            "module.dev.module.setup_jenkins.module.create_service_account.google_service_account.service_account"
          ]
        }
      ]
    },
    {
      "module": "module.dev.module.setup_jenkins.module.create_service_account",
      "mode": "managed",
      "type": "google_service_account",
      "name": "service_account",
      "provider": "module.dev.provider.google",
      "instances": [
        {
          "schema_version": 0,
          "attributes": {
            "account_id": "jenkins-registry",
            "description": "",
            "display_name": "Jenkins Container Registry",
            "email": "jenkins-registry@groovy-student-275113.iam.gserviceaccount.com",
            "id": "projects/groovy-student-275113/serviceAccounts/jenkins-registry@groovy-student-275113.iam.gserviceaccount.com",
            "name": "projects/groovy-student-275113/serviceAccounts/jenkins-registry@groovy-student-275113.iam.gserviceaccount.com",
            "project": "groovy-student-275113",
            "unique_id": "102057728781372395739"
          },
          "private": "bnVsbA=="
        }
      ]
    },
    {
      "module": "module.dev.module.setup_jenkins.module.create_service_account",
      "mode": "managed",
      "type": "google_service_account_key",
      "name": "key",
      "provider": "module.dev.provider.google",
      "instances": [
        {
          "schema_version": 0,
          "attributes": {
            "id": "projects/groovy-student-275113/serviceAccounts/jenkins-registry@groovy-student-275113.iam.gserviceaccount.com/keys/f5fac00e7e4b7c0706f777114fb2e47c23ba3aa8",
            "key_algorithm": "KEY_ALG_RSA_2048",
            "name": "projects/groovy-student-275113/serviceAccounts/jenkins-registry@groovy-student-275113.iam.gserviceaccount.com/keys/f5fac00e7e4b7c0706f777114fb2e47c23ba3aa8",
            "pgp_key": null,
            "private_key": "ewogICJ0eXBlIjogInNlcnZpY2VfYWNjb3VudCIsCiAgInByb2plY3RfaWQiOiAiZ3Jvb3Z5LXN0dWRlbnQtMjc1MTEzIiwKICAicHJpdmF0ZV9rZXlfaWQiOiAiZjVmYWMwMGU3ZTRiN2MwNzA2Zjc3NzExNGZiMmU0N2MyM2JhM2FhOCIsCiAgInByaXZhdGVfa2V5IjogIi0tLS0tQkVHSU4gUFJJVkFURSBLRVktLS0tLVxuTUlJRXZRSUJBREFOQmdrcWhraUc5dzBCQVFFRkFBU0NCS2N3Z2dTakFnRUFBb0lCQVFDV2RDVi9nM1I5T3ZLWVxueU9jc0R4QTdGc21BMUc5QmpZSGs1aUM5dDNxKzFtY2VxcTFXZU1FbnllTTRnc2ttMFFaNE53QVd5cVY1OU52RVxuMGtzZjFzblpQNndUT0p3R0xEc2FabW9BbHkxMXgzdDJqME1oUkVxWEh1Z1o2a2w2SmhnbTBuUjdzbGFVQ2ZwelxuRjd5cCtET2Q4U3F3VDFUWTd6cHUvZ2NoQWM5Q2dkdjRjMlRlbk5vWGcrR3ByZmZDZVFCVytwQVRKa0J1em4xcVxuQzZWN1VsZ0J0SThHL2hrTnFTOWlnZndDV20rZVdHZVY2dGllTEpGZWpiTm5rUFZYbTA3bWloMVFMbGxpdFg3dFxuQnJMbFI0SzlVY1lFaTQybTJubzBWbEJUMEJGYzdjbjM5WXZWWEpBNVZGNUVKT1JmVTJXL3JwZ1AwQS9xbDdIYVxuUk5Md2x6VEpBZ01CQUFFQ2dnRUFDQzU5L1FpTklNUEFQa2g3a01EcmN5a21zVTJzRktxaE1BMUhKY1g0NC9DVlxuR0R6MEV1WWJhK0pkeTd5Sis0VkZwcXNvQXpWSEtTSUVndmdrRzNIQzFZQnh4elJPZ01QdVBWM3BJUW5Ya0NaMlxuUzNEWU45S0d3MS9NQTUvQzJlU0JMdmhHR3hWc1FaM215NVEwZjJJMnpWMllZcERYMW5tdzZla0F3bjNlazFsV1xuM21Scm5BZUppZzNsY2RNdTg3UFNUdStVQzBxcmhoUGxMc1E4R3I4VzJzVjFLWFVKNnBUaW95M2V3UmpEWTNzdlxueHF5WlNzZEZMOG4zZ2M4VWlkYU1xRTZBS2dCRUdnbkhBYTB3akdQSlBRSVBZZWx6Z0xBRjBZNHQrTXcvSllJN1xuSUduejNVMUcxTytlNWdHZWxQak9RSllscUpmMEhMMkFrNGFaSkZYem9RS0JnUURKMVQ0YzI1Q05rOWl6S1l4b1xuOEJIcEZMMHR1VHlwcld5eHdHaC82MkdZcW13dDhKeWZyczNrdUt3Y0FVTWN3R1JBeUEwb0JIb3VST0dVWmQ5VVxueVA2bkdqeE8rMjhRMGY0NllFTE4wdTNXVUp2NGlmY293Y3V1ZkYyb2o5bUFVbWRvaGdIM2h5SVYrR1dRY0dZOFxuYW9oU3FzUUNKeEYreDNzejRiNmQvVXNaNlFLQmdRQysxTzk2ZnRKbHZSeW1NNVhBeWdoWUFYYnAvUHVENWxHRVxuRWcwSlI2Q3UrU2tWVWVFTU5wbWZIWHY3YmJEVVh4TSt6QXNTZEFqU1JoM0dITjN6RDlsbURpVDlWZ0FUMCtvVFxub0d5Ukk2eDFxSnNFWjhNK1g3Zk1Rc0F2TzY2cXMrTHZja2w0WmdmVGtnSHVvdDd0NE1jM0ppbkovemhBM25lNVxuQ3FQcVRjV1g0UUtCZ0RwSk9LekF3NWYvTUQ5ZEtrMUx0d0JtbXROUGdUTkcvL0s5Sy9CMUd6UXBVeUJaTWdIelxuUzBaWUJtdjMrVmVlUDlWdGNFODBLOHljMjhBdFF6ZUs2Kzk1NWh5eEE3d0p5SzgzQ1ZQRExDZ09FMXpOQ3ZGY1xuTmVQbnlteFpUbWgrWTVxTnlKZWhFTGpqaVFFVFZKTHgrUGhXbEZCQzFBeVdzditpbTVlb2hEMnhBb0dCQUwwSlxuQWhFOS8vMTRVQ0R6aUt6cGRVcDRhT3R4QjFXcG1hWlNtMGRPQlFaUEd6dGJXS3RZaXVUcnVCMWdrNEpNakN2d1xueENjTGVwR1JrM3prcTVoVFl1K05vMmF4QW5LaHdZYWZxK3c2Z21RckdTUk1CVVNNWE8yaVVlNTRHSlpRaThUV1xuV2FGQ3NRNEwzSTRnR09WYmZQeE1lYWozZ1NvQk5tZSsrcERuYVkwQkFvR0FRM2R6RE5yc1RsNjV5RnJsWEFZYlxuVnBmV3N6dmh3ZTBUazcwL0pibEhGd0tQVFVtOTFROGNhaEV2VGR6OUl3L2pLdDNkcVFXRnZ5aUZScGdBVnpCblxuRHR1dnhUdzhHVEY5cklKOFVjUEE1SUtIeXkvUHI5VVhWVnlGOE1HajhTcUpyL3Rwcm9mb0FkZW1SYXBSS1pCOFxuMC9KMWt6M1ZQVjFubEhsYmdMcG1iV0E9XG4tLS0tLUVORCBQUklWQVRFIEtFWS0tLS0tXG4iLAogICJjbGllbnRfZW1haWwiOiAiamVua2lucy1yZWdpc3RyeUBncm9vdnktc3R1ZGVudC0yNzUxMTMuaWFtLmdzZXJ2aWNlYWNjb3VudC5jb20iLAogICJjbGllbnRfaWQiOiAiMTAyMDU3NzI4NzgxMzcyMzk1NzM5IiwKICAiYXV0aF91cmkiOiAiaHR0cHM6Ly9hY2NvdW50cy5nb29nbGUuY29tL28vb2F1dGgyL2F1dGgiLAogICJ0b2tlbl91cmkiOiAiaHR0cHM6Ly9vYXV0aDIuZ29vZ2xlYXBpcy5jb20vdG9rZW4iLAogICJhdXRoX3Byb3ZpZGVyX3g1MDlfY2VydF91cmwiOiAiaHR0cHM6Ly93d3cuZ29vZ2xlYXBpcy5jb20vb2F1dGgyL3YxL2NlcnRzIiwKICAiY2xpZW50X3g1MDlfY2VydF91cmwiOiAiaHR0cHM6Ly93d3cuZ29vZ2xlYXBpcy5jb20vcm9ib3QvdjEvbWV0YWRhdGEveDUwOS9qZW5raW5zLXJlZ2lzdHJ5JTQwZ3Jvb3Z5LXN0dWRlbnQtMjc1MTEzLmlhbS5nc2VydmljZWFjY291bnQuY29tIgp9Cg==",
            "private_key_encrypted": null,
            "private_key_fingerprint": null,
            "private_key_type": "TYPE_GOOGLE_CREDENTIALS_FILE",
            "public_key": "LS0tLS1CRUdJTiBDRVJUSUZJQ0FURS0tLS0tCk1JSUMrakNDQWVLZ0F3SUJBZ0lJVHE1aXB6L0dteXd3RFFZSktvWklodmNOQVFFRkJRQXdJREVlTUJ3R0ExVUUKQXhNVk1UQXlNRFUzTnpJNE56Z3hNemN5TXprMU56TTVNQjRYRFRJd01EVXhNakE1TURFMU1Gb1hEVE13TURVeApNREE1TURFMU1Gb3dJREVlTUJ3R0ExVUVBeE1WTVRBeU1EVTNOekk0TnpneE16Y3lNemsxTnpNNU1JSUJJakFOCkJna3Foa2lHOXcwQkFRRUZBQU9DQVE4QU1JSUJDZ0tDQVFFQWxuUWxmNE4wZlRyeW1Nam5MQThRT3hiSmdOUnYKUVkyQjVPWWd2YmQ2dnRabkhxcXRWbmpCSjhuak9JTEpKdEVHZURjQUZzcWxlZlRieE5KTEg5YkoyVCtzRXppYwpCaXc3R21acUFKY3RkY2Q3ZG85RElVUktseDdvR2VwSmVpWVlKdEowZTdKV2xBbjZjeGU4cWZnem5mRXFzRTlVCjJPODZidjRISVFIUFFvSGIrSE5rM3B6YUY0UGhxYTMzd25rQVZ2cVFFeVpBYnM1OWFndWxlMUpZQWJTUEJ2NFoKRGFrdllvSDhBbHB2bmxobmxlclluaXlSWG8yelo1RDFWNXRPNW9vZFVDNVpZclYrN1FheTVVZUN2VkhHQkl1TgpwdHA2TkZaUVU5QVJYTzNKOS9XTDFWeVFPVlJlUkNUa1gxTmx2NjZZRDlBUDZwZXgya1RTOEpjMHlRSURBUUFCCm96Z3dOakFNQmdOVkhSTUJBZjhFQWpBQU1BNEdBMVVkRHdFQi93UUVBd0lIZ0RBV0JnTlZIU1VCQWY4RUREQUsKQmdnckJnRUZCUWNEQWpBTkJna3Foa2lHOXcwQkFRVUZBQU9DQVFFQUxoaE9OQVFLNENCSlpvWEZoZE9VTzVQVApXZll4cnJBUGk0QXRhYjczbDMxbDRUTXJkaFBPMDhsYjhCdVNCK1FOU1lEWDROQlYwZzJrT3VSY0FhaUpSM2kxCmM2RW4xKzV2TWZtL2NGQ0tYUVZ1YkwreGU3bVYxcHhZankrcTJud2tqUUE3SmhYNm0xTmhlZnNWc0xlSlhEdkIKakJZMFpaeWZIVzRwRGhlK3dnc3N5MWZSdmRmSEJlNmxwd0ErK2FVaXdWajFnNDdkYVlFelg3MEVMUkdVaVljYgpQelh4dVk4QXZSWm9KOEpvaVRsaFNkSS9Salo5dDh2TXBEdHhmYW1iaU5QRmlGRk5YbzN6Z2VWbHo5N1cwSlJQCjJzanVBNlpIN1ZqeXFZSnFoK0NNTGpHbEFyZnlqQWRPYlRHakYvbzRLcHJOMGVTdVZidVR3dHlkekJlMm9BPT0KLS0tLS1FTkQgQ0VSVElGSUNBVEUtLS0tLQo=",
            "public_key_type": "TYPE_X509_PEM_FILE",
            "service_account_id": "jenkins-registry@groovy-student-275113.iam.gserviceaccount.com",
            "valid_after": "2020-05-12T09:01:50Z",
            "valid_before": "2030-05-10T09:01:50Z"
          },
          "private": "bnVsbA==",
          "dependencies": [
            "module.dev.module.setup_jenkins.module.create_service_account.google_service_account.service_account"
          ]
        }
      ]
    },
    {
      "module": "module.dev.module.setup_jenkins",
      "mode": "managed",
      "type": "helm_release",
      "name": "jenkins",
      "provider": "module.dev.provider.helm",
      "instances": [
        {
          "schema_version": 0,
          "attributes": {
            "atomic": false,
            "chart": "stable/jenkins",
            "cleanup_on_fail": false,
            "create_namespace": false,
            "dependency_update": false,
            "description": null,
            "devel": null,
            "disable_crd_hooks": false,
            "disable_openapi_validation": false,
            "disable_webhooks": false,
            "force_update": false,
            "id": "jenkins",
            "keyring": null,
            "max_history": 0,
            "metadata": [
              {
                "chart": "jenkins",
                "name": "jenkins",
                "namespace": "jenkins",
                "revision": 2,
                "values": "{\"master\":{\"installPlugins\":[\"kubernetes:1.25.4\",\"workflow-job:2.39\",\"command-launcher:1.4\",\"workflow-aggregator:2.6\",\"credentials-binding:1.21\",\"git:4.2.2\",\"configuration-as-code:1.40\",\"jdk-tool:1.4\",\"blueocean:1.23.1\"],\"serviceType\":\"LoadBalancer\"}}",
                "version": "1.18.0"
              }
            ],
            "name": "jenkins",
            "namespace": "jenkins",
            "postrender": [],
            "recreate_pods": false,
            "render_subchart_notes": true,
            "replace": false,
            "repository": null,
            "repository_ca_file": null,
            "repository_cert_file": null,
            "repository_key_file": null,
            "repository_password": null,
            "repository_username": null,
            "reset_values": false,
            "reuse_values": false,
            "set": [],
            "set_sensitive": [],
            "set_string": [],
            "skip_crds": false,
            "status": "deployed",
            "timeout": 300,
            "values": [
              "master:\n  serviceType: LoadBalancer\n  installPlugins:\n    - kubernetes:1.25.4\n    - workflow-job:2.39\n    - command-launcher:1.4\n    - workflow-aggregator:2.6\n    - credentials-binding:1.21\n    - git:4.2.2\n    - configuration-as-code:1.40\n    - jdk-tool:1.4\n    - blueocean:1.23.1"
            ],
            "verify": false,
            "version": "1.18.0",
            "wait": true
          },
          "private": "bnVsbA==",
          "dependencies": [
            "module.dev.kubernetes_namespace.jenkins"
          ]
        }
      ]
    },
    {
      "module": "module.dev",
      "mode": "managed",
      "type": "kubernetes_namespace",
      "name": "jenkins",
      "provider": "module.dev.provider.kubernetes",
      "instances": [
        {
          "schema_version": 0,
          "attributes": {
            "id": "jenkins",
            "metadata": [
              {
                "annotations": {},
                "generate_name": "",
                "generation": 0,
                "labels": {},
                "name": "jenkins",
                "resource_version": "1927",
                "self_link": "/api/v1/namespaces/jenkins",
                "uid": "4a87d630-9367-11ea-8ad1-42010a8001f6"
              }
            ],
            "timeouts": null
          },
          "private": "eyJlMmJmYjczMC1lY2FhLTExZTYtOGY4OC0zNDM2M2JjN2M0YzAiOnsiZGVsZXRlIjozMDAwMDAwMDAwMDB9fQ==",
          "dependencies": [
            "module.dev.module.create_cluster.google_container_cluster.cluster",
            "module.dev.module.create_cluster.google_container_node_pool.nodes"
          ]
        }
      ]
    },
    {
      "module": "module.dev.module.setup_jenkins",
      "mode": "managed",
      "type": "kubernetes_secret",
      "name": "google-application-credentials",
      "provider": "module.dev.provider.kubernetes",
      "instances": [
        {
          "schema_version": 0,
          "attributes": {
            "data": {
              "credentials.json": "{\n  \"type\": \"service_account\",\n  \"project_id\": \"groovy-student-275113\",\n  \"private_key_id\": \"f5fac00e7e4b7c0706f777114fb2e47c23ba3aa8\",\n  \"private_key\": \"-----BEGIN PRIVATE KEY-----\\nMIIEvQIBADANBgkqhkiG9w0BAQEFAASCBKcwggSjAgEAAoIBAQCWdCV/g3R9OvKY\\nyOcsDxA7FsmA1G9BjYHk5iC9t3q+1mceqq1WeMEnyeM4gskm0QZ4NwAWyqV59NvE\\n0ksf1snZP6wTOJwGLDsaZmoAly11x3t2j0MhREqXHugZ6kl6Jhgm0nR7slaUCfpz\\nF7yp+DOd8SqwT1TY7zpu/gchAc9Cgdv4c2TenNoXg+GprffCeQBW+pATJkBuzn1q\\nC6V7UlgBtI8G/hkNqS9igfwCWm+eWGeV6tieLJFejbNnkPVXm07mih1QLllitX7t\\nBrLlR4K9UcYEi42m2no0VlBT0BFc7cn39YvVXJA5VF5EJORfU2W/rpgP0A/ql7Ha\\nRNLwlzTJAgMBAAECggEACC59/QiNIMPAPkh7kMDrcykmsU2sFKqhMA1HJcX44/CV\\nGDz0EuYba+Jdy7yJ+4VFpqsoAzVHKSIEgvgkG3HC1YBxxzROgMPuPV3pIQnXkCZ2\\nS3DYN9KGw1/MA5/C2eSBLvhGGxVsQZ3my5Q0f2I2zV2YYpDX1nmw6ekAwn3ek1lW\\n3mRrnAeJig3lcdMu87PSTu+UC0qrhhPlLsQ8Gr8W2sV1KXUJ6pTioy3ewRjDY3sv\\nxqyZSsdFL8n3gc8UidaMqE6AKgBEGgnHAa0wjGPJPQIPYelzgLAF0Y4t+Mw/JYI7\\nIGnz3U1G1O+e5gGelPjOQJYlqJf0HL2Ak4aZJFXzoQKBgQDJ1T4c25CNk9izKYxo\\n8BHpFL0tuTyprWyxwGh/62GYqmwt8Jyfrs3kuKwcAUMcwGRAyA0oBHouROGUZd9U\\nyP6nGjxO+28Q0f46YELN0u3WUJv4ifcowcuufF2oj9mAUmdohgH3hyIV+GWQcGY8\\naohSqsQCJxF+x3sz4b6d/UsZ6QKBgQC+1O96ftJlvRymM5XAyghYAXbp/PuD5lGE\\nEg0JR6Cu+SkVUeEMNpmfHXv7bbDUXxM+zAsSdAjSRh3GHN3zD9lmDiT9VgAT0+oT\\noGyRI6x1qJsEZ8M+X7fMQsAvO66qs+Lvckl4ZgfTkgHuot7t4Mc3JinJ/zhA3ne5\\nCqPqTcWX4QKBgDpJOKzAw5f/MD9dKk1LtwBmmtNPgTNG//K9K/B1GzQpUyBZMgHz\\nS0ZYBmv3+VeeP9VtcE80K8yc28AtQzeK6+955hyxA7wJyK83CVPDLCgOE1zNCvFc\\nNePnymxZTmh+Y5qNyJehELjjiQETVJLx+PhWlFBC1AyWsv+im5eohD2xAoGBAL0J\\nAhE9//14UCDziKzpdUp4aOtxB1WpmaZSm0dOBQZPGztbWKtYiuTruB1gk4JMjCvw\\nxCcLepGRk3zkq5hTYu+No2axAnKhwYafq+w6gmQrGSRMBUSMXO2iUe54GJZQi8TW\\nWaFCsQ4L3I4gGOVbfPxMeaj3gSoBNme++pDnaY0BAoGAQ3dzDNrsTl65yFrlXAYb\\nVpfWszvhwe0Tk70/JblHFwKPTUm91Q8cahEvTdz9Iw/jKt3dqQWFvyiFRpgAVzBn\\nDtuvxTw8GTF9rIJ8UcPA5IKHyy/Pr9UXVVyF8MGj8SqJr/tprofoAdemRapRKZB8\\n0/J1kz3VPV1nlHlbgLpmbWA=\\n-----END PRIVATE KEY-----\\n\",\n  \"client_email\": \"jenkins-registry@groovy-student-275113.iam.gserviceaccount.com\",\n  \"client_id\": \"102057728781372395739\",\n  \"auth_uri\": \"https://accounts.google.com/o/oauth2/auth\",\n  \"token_uri\": \"https://oauth2.googleapis.com/token\",\n  \"auth_provider_x509_cert_url\": \"https://www.googleapis.com/oauth2/v1/certs\",\n  \"client_x509_cert_url\": \"https://www.googleapis.com/robot/v1/metadata/x509/jenkins-registry%40groovy-student-275113.iam.gserviceaccount.com\"\n}\n"
            },
            "id": "jenkins/jenkins-gcp-service-account",
            "metadata": [
              {
                "annotations": null,
                "generate_name": "",
                "generation": 0,
                "labels": null,
                "name": "jenkins-gcp-service-account",
                "namespace": "jenkins",
                "resource_version": "313228",
                "self_link": "/api/v1/namespaces/jenkins/secrets/jenkins-gcp-service-account",
                "uid": "183594c5-9437-11ea-9a7d-42010a80005b"
              }
            ],
            "type": "Opaque"
          },
          "private": "bnVsbA==",
          "dependencies": [
            "module.dev.kubernetes_namespace.jenkins",
            "module.dev.module.setup_jenkins.module.create_service_account.google_service_account_key.key"
          ]
        }
      ]
    }
  ]
}
