{
  "version": 4,
  "terraform_version": "0.12.24",
  "serial": 7,
  "lineage": "8ef22bf3-c0d9-70ec-6663-adde332a7c5c",
  "outputs": {
    "dev_setup": {
      "value": {
        "cluster": {
          "cluster_name": "microservices",
          "gcp_cluster_endpoint": "35.224.66.65",
          "status": "done"
        },
        "helm": {
          "tiller_clusterrole_binding": "terraform-tiller",
          "tiller_service_account": "kube-system/terraform-tiller"
        }
      },
      "type": [
        "object",
        {
          "cluster": [
            "object",
            {
              "cluster_name": "string",
              "gcp_cluster_endpoint": "string",
              "status": "string"
            }
          ],
          "helm": [
            "object",
            {
              "tiller_clusterrole_binding": "string",
              "tiller_service_account": "string"
            }
          ]
        }
      ]
    }
  },
  "resources": [
    {
      "module": "module.dev.module.create_cluster",
      "mode": "managed",
      "type": "google_container_cluster",
      "name": "cluster",
      "provider": "module.dev.provider.google",
      "instances": [
        {
          "schema_version": 1,
          "attributes": {
            "additional_zones": [],
            "addons_config": [
              {
                "horizontal_pod_autoscaling": [],
                "http_load_balancing": [],
                "kubernetes_dashboard": [],
                "network_policy_config": [
                  {
                    "disabled": true
                  }
                ]
              }
            ],
            "authenticator_groups_config": [],
            "cluster_autoscaling": [
              {
                "auto_provisioning_defaults": [],
                "enabled": false,
                "resource_limits": []
              }
            ],
            "cluster_ipv4_cidr": "10.16.0.0/14",
            "default_max_pods_per_node": 110,
            "description": "",
            "enable_binary_authorization": false,
            "enable_intranode_visibility": null,
            "enable_kubernetes_alpha": false,
            "enable_legacy_abac": false,
            "enable_tpu": null,
            "endpoint": "35.224.66.65",
            "id": "projects/groovy-student-275113/locations/us-central1-c/clusters/microservices",
            "initial_node_count": 1,
            "instance_group_urls": [
              "https://www.googleapis.com/compute/v1/projects/groovy-student-275113/zones/us-central1-c/instanceGroups/gke-microservices-node-pool-9678a078-grp"
            ],
            "ip_allocation_policy": [],
            "label_fingerprint": "a9dc16a7",
            "location": "us-central1-c",
            "logging_service": "logging.googleapis.com/kubernetes",
            "maintenance_policy": [
              {
                "daily_maintenance_window": [
                  {
                    "duration": "PT4H0M0S",
                    "start_time": "00:00"
                  }
                ],
                "recurring_window": []
              }
            ],
            "master_auth": [
              {
                "client_certificate": "",
                "client_certificate_config": [
                  {
                    "issue_client_certificate": false
                  }
                ],
                "client_key": "",
                "cluster_ca_certificate": "LS0tLS1CRUdJTiBDRVJUSUZJQ0FURS0tLS0tCk1JSURERENDQWZTZ0F3SUJBZ0lSQUlQQ1ZBeVFZbmh0QlBLRzNXRjNTVW93RFFZSktvWklodmNOQVFFTEJRQXcKTHpFdE1Dc0dBMVVFQXhNa1ptVTFNekF4TURBdFpHTTVOQzAwWlRRNUxUaGpNekF0WVRBeVlqZ3hOek5pWkRZMQpNQjRYRFRJd01EVXdPREExTlRFME9Gb1hEVEkxTURVd056QTJOVEUwT0Zvd0x6RXRNQ3NHQTFVRUF4TWtabVUxCk16QXhNREF0WkdNNU5DMDBaVFE1TFRoak16QXRZVEF5WWpneE56TmlaRFkxTUlJQklqQU5CZ2txaGtpRzl3MEIKQVFFRkFBT0NBUThBTUlJQkNnS0NBUUVBeXFlVlVCbHRMZHJpcnpnbUpkcUEwQTdTZHd0UC9VbXdTUHczZU04YwpxQURDUk9JWVVnN2YybXJadXRqV05Fam9URWxyTHdOTjRVTldsMXN3eFphNFh4UjMvTHk5TTZUSmhXTmtVbnlGCjRmNlV5MjExMlVoUjdrbzhDZFF4QlBlb2hVcE9PNFF2YUVZS093RTVBK0ZORlEzTU1DdnM3cFVsTUpOTW5OMUEKcmlIVHp3ZkM5a284VEsycU1WZmVDUC9ZcDkyUDNmeWRjTUphTExZZlVqNUlpd1M0QTFzZVZ4TGpvc2p1bmJIMQpwMStFZVpTRkV5NGd2RVFWMExrSk16OU4yYzhGM2NnbENWOFk4ajZlMnYrZDRITDhaS1AxaWdxcDZMcjNSZVQzCkkwYUsrMnpQRTNZbmFHb2o0THhCa1ZQdjVDcEtIQWJGNm5YQ3hTMlVRUWVZendJREFRQUJveU13SVRBT0JnTlYKSFE4QkFmOEVCQU1DQWdRd0R3WURWUjBUQVFIL0JBVXdBd0VCL3pBTkJna3Foa2lHOXcwQkFRc0ZBQU9DQVFFQQpSNGJJMld5THVhYkRQbHMydHcxTnFuY3Q1clNnZWFhOFBYUlloUkNudFQ3VUtZVUtqZE52M0w3SUFDT0YzR3c2Ck1FcVZCWWNjN0NrdDd0bGJNQTY3dThIRklLV3lhMU9NWG05R0QvK2RqaVBjMHJpcUJwUDIyZTU3YnVxQ2pqeWgKRVB4QmsxaDlhRE1NN0hoOGV3eXoyY0NiOU9RbklqMmxLYmZMenVFSWZvV1dLemoxbGRHZzErM04ycG0rOGkyMgpvR2VtaGxkM2hGY0pyeUdNbHBKL2Q5bitGVU9XRUJndzU5VFBOeVVNbGZlNjM2YnEwS3ZHUDJHTkhHU2hOS2wwCnFtNTUvNGVJY1EzRjJkRXNUQTR5SmRlUm5HcTZuejk0bG9hcnVCc0I2aUhxWkFqS0NOV3pxUW9ScmZEbnJSSEgKZlpZaUZVOUhLa2FrR056VklMZlF6QT09Ci0tLS0tRU5EIENFUlRJRklDQVRFLS0tLS0K",
                "password": "",
                "username": ""
              }
            ],
            "master_authorized_networks_config": [],
            "master_version": "1.14.10-gke.27",
            "min_master_version": null,
            "monitoring_service": "monitoring.googleapis.com/kubernetes",
            "name": "microservices",
            "network": "projects/groovy-student-275113/global/networks/default",
            "network_policy": [
              {
                "enabled": false,
                "provider": "PROVIDER_UNSPECIFIED"
              }
            ],
            "node_config": [
              {
                "disk_size_gb": 100,
                "disk_type": "pd-standard",
                "guest_accelerator": [],
                "image_type": "COS",
                "labels": {},
                "local_ssd_count": 0,
                "machine_type": "n1-standard-1",
                "metadata": {
                  "disable-legacy-endpoints": "true"
                },
                "min_cpu_platform": "",
                "oauth_scopes": [
                  "https://www.googleapis.com/auth/logging.write",
                  "https://www.googleapis.com/auth/monitoring"
                ],
                "preemptible": true,
                "sandbox_config": [],
                "service_account": "default",
                "shielded_instance_config": [
                  {
                    "enable_integrity_monitoring": true,
                    "enable_secure_boot": false
                  }
                ],
                "tags": [],
                "taint": [],
                "workload_metadata_config": []
              }
            ],
            "node_locations": [],
            "node_pool": [
              {
                "autoscaling": [],
                "initial_node_count": 3,
                "instance_group_urls": [
                  "https://www.googleapis.com/compute/v1/projects/groovy-student-275113/zones/us-central1-c/instanceGroupManagers/gke-microservices-node-pool-9678a078-grp"
                ],
                "management": [
                  {
                    "auto_repair": false,
                    "auto_upgrade": true
                  }
                ],
                "max_pods_per_node": 0,
                "name": "node-pool",
                "name_prefix": "",
                "node_config": [
                  {
                    "disk_size_gb": 100,
                    "disk_type": "pd-standard",
                    "guest_accelerator": [],
                    "image_type": "COS",
                    "labels": {},
                    "local_ssd_count": 0,
                    "machine_type": "n1-standard-1",
                    "metadata": {
                      "disable-legacy-endpoints": "true"
                    },
                    "min_cpu_platform": "",
                    "oauth_scopes": [
                      "https://www.googleapis.com/auth/logging.write",
                      "https://www.googleapis.com/auth/monitoring"
                    ],
                    "preemptible": true,
                    "sandbox_config": [],
                    "service_account": "default",
                    "shielded_instance_config": [
                      {
                        "enable_integrity_monitoring": true,
                        "enable_secure_boot": false
                      }
                    ],
                    "tags": [],
                    "taint": [],
                    "workload_metadata_config": []
                  }
                ],
                "node_count": 3,
                "upgrade_settings": [
                  {
                    "max_surge": 1,
                    "max_unavailable": 0
                  }
                ],
                "version": "1.14.10-gke.27"
              }
            ],
            "node_version": "1.14.10-gke.27",
            "operation": null,
            "pod_security_policy_config": [],
            "private_cluster_config": [],
            "project": "groovy-student-275113",
            "region": null,
            "remove_default_node_pool": true,
            "resource_labels": {},
            "resource_usage_export_config": [],
            "services_ipv4_cidr": "10.19.240.0/20",
            "subnetwork": "projects/groovy-student-275113/regions/us-central1/subnetworks/default",
            "timeouts": null,
            "vertical_pod_autoscaling": [],
            "zone": null
          },
          "private": "eyJlMmJmYjczMC1lY2FhLTExZTYtOGY4OC0zNDM2M2JjN2M0YzAiOnsiY3JlYXRlIjoyNDAwMDAwMDAwMDAwLCJkZWxldGUiOjI0MDAwMDAwMDAwMDAsInVwZGF0ZSI6MzYwMDAwMDAwMDAwMH0sInNjaGVtYV92ZXJzaW9uIjoiMSJ9"
        }
      ]
    },
    {
      "module": "module.dev.module.create_cluster",
      "mode": "managed",
      "type": "google_container_node_pool",
      "name": "nodes",
      "provider": "module.dev.provider.google",
      "instances": [
        {
          "schema_version": 1,
          "attributes": {
            "autoscaling": [],
            "cluster": "microservices",
            "id": "projects/groovy-student-275113/locations/us-central1-c/clusters/microservices/nodePools/node-pool",
            "initial_node_count": 3,
            "instance_group_urls": [
              "https://www.googleapis.com/compute/v1/projects/groovy-student-275113/zones/us-central1-c/instanceGroupManagers/gke-microservices-node-pool-9678a078-grp"
            ],
            "location": "us-central1-c",
            "management": [
              {
                "auto_repair": false,
                "auto_upgrade": true
              }
            ],
            "max_pods_per_node": null,
            "name": "node-pool",
            "name_prefix": "",
            "node_config": [
              {
                "disk_size_gb": 100,
                "disk_type": "pd-standard",
                "guest_accelerator": [],
                "image_type": "COS",
                "labels": {},
                "local_ssd_count": 0,
                "machine_type": "n1-standard-1",
                "metadata": {
                  "disable-legacy-endpoints": "true"
                },
                "min_cpu_platform": "",
                "oauth_scopes": [
                  "https://www.googleapis.com/auth/logging.write",
                  "https://www.googleapis.com/auth/monitoring"
                ],
                "preemptible": true,
                "sandbox_config": [],
                "service_account": "default",
                "shielded_instance_config": [
                  {
                    "enable_integrity_monitoring": true,
                    "enable_secure_boot": false
                  }
                ],
                "tags": [],
                "taint": [],
                "workload_metadata_config": []
              }
            ],
            "node_count": 3,
            "project": "groovy-student-275113",
            "region": null,
            "timeouts": null,
            "upgrade_settings": [
              {
                "max_surge": 1,
                "max_unavailable": 0
              }
            ],
            "version": "1.14.10-gke.27",
            "zone": null
          },
          "private": "eyJlMmJmYjczMC1lY2FhLTExZTYtOGY4OC0zNDM2M2JjN2M0YzAiOnsiY3JlYXRlIjoxODAwMDAwMDAwMDAwLCJkZWxldGUiOjE4MDAwMDAwMDAwMDAsInVwZGF0ZSI6MTgwMDAwMDAwMDAwMH0sInNjaGVtYV92ZXJzaW9uIjoiMSJ9",
          "dependencies": [
            "module.dev.module.create_cluster.google_container_cluster.cluster"
          ]
        }
      ]
    },
    {
      "module": "module.dev.module.setup_helm",
      "mode": "managed",
      "type": "kubernetes_cluster_role_binding",
      "name": "tiller",
      "provider": "module.dev.module.setup_helm.provider.kubernetes",
      "instances": [
        {
          "schema_version": 0,
          "attributes": {
            "id": "terraform-tiller",
            "metadata": [
              {
                "annotations": {},
                "generation": 0,
                "labels": {},
                "name": "terraform-tiller",
                "resource_version": "6756",
                "self_link": "/apis/rbac.authorization.k8s.io/v1/clusterrolebindings/terraform-tiller",
                "uid": "b441b477-90fc-11ea-ad3b-42010a800022"
              }
            ],
            "role_ref": [
              {
                "api_group": "rbac.authorization.k8s.io",
                "kind": "ClusterRole",
                "name": "cluster-admin"
              }
            ],
            "subject": [
              {
                "api_group": "",
                "kind": "ServiceAccount",
                "name": "terraform-tiller",
                "namespace": "kube-system"
              }
            ]
          },
          "private": "bnVsbA=="
        }
      ]
    },
    {
      "module": "module.dev.module.setup_helm",
      "mode": "managed",
      "type": "kubernetes_service_account",
      "name": "tiller",
      "provider": "module.dev.module.setup_helm.provider.kubernetes",
      "instances": [
        {
          "schema_version": 0,
          "attributes": {
            "automount_service_account_token": true,
            "default_secret_name": "terraform-tiller-token-q7hgw",
            "id": "kube-system/terraform-tiller",
            "image_pull_secret": [],
            "metadata": [
              {
                "annotations": {},
                "generate_name": "",
                "generation": 0,
                "labels": {},
                "name": "terraform-tiller",
                "namespace": "kube-system",
                "resource_version": "6755",
                "self_link": "/api/v1/namespaces/kube-system/serviceaccounts/terraform-tiller",
                "uid": "b43cd6a2-90fc-11ea-ad3b-42010a800022"
              }
            ],
            "secret": [],
            "timeouts": null
          },
          "private": "eyJlMmJmYjczMC1lY2FhLTExZTYtOGY4OC0zNDM2M2JjN2M0YzAiOnsiY3JlYXRlIjozMDAwMDAwMDAwMH19"
        }
      ]
    }
  ]
}
