{
  "version": 4,
  "terraform_version": "0.12.24",
  "serial": 107,
  "lineage": "bcc237fe-1fe7-a7b0-51e9-aa2b8ec63268",
  "outputs": {
    "dev_setup": {
      "value": {
        "cluster": {
          "cluster_name": "microservices",
          "gcp_cluster_endpoint": "35.223.9.101",
          "status": "done"
        },
        "jenkins": {
          "service_account": {
            "service_account_email": "jenkins-registry@groovy-student-275113.iam.gserviceaccount.com",
            "service_account_json_key": "{\n  \"type\": \"service_account\",\n  \"project_id\": \"groovy-student-275113\",\n  \"private_key_id\": \"784e4d5fa06a1500c1496f36fc3994f8ee0dd92a\",\n  \"private_key\": \"-----BEGIN PRIVATE KEY-----\\nMIIEvgIBADANBgkqhkiG9w0BAQEFAASCBKgwggSkAgEAAoIBAQCzKOE/7dy1dZ9e\\ncJCdQMfTY+9QWJEV9bVnCTKRyLCVOQe7MxxhtWRTpCmfjCUx9ZCQJs116zrrdXjN\\nT8c75i600CpAk1vpvHJl0owkDKrIyba6sViEY1Zr+c+HqPo9nD0/dbphA/ty6/Z6\\nnhCSSlhaI2SWhXC2mdb18NODyaVMLauLXkvaSSDW20SnE0SI8G8teCBJHxwCukT7\\nPmfyJV2UYkMCxYBw9OVVhJGnk7wVrQhzakLG7QlVydGqtM6rhbUk8U6dbSZqGWC2\\npYlcHdvJ3mVOf0rnnCWEhbSXTTgpKRii3lFJER+0FSOGa+hKZk7XkKSNW7ShcpOW\\n9j5ra1ORAgMBAAECggEAHTNtyT9x8IKQG/KxY2wWVcJNVHVnCmL+suFJJIFHJL9D\\nnxOkzdkklcxlO1u6iULK0e/9H3ncY9nE+4PEB6OMG8ztAhLykW11YNq5HDwTTwAv\\noAy9TnCpepZgKK6WQNn5EqGT4/Gj93Z1uUUPkuR6s5BeufjcZuq6omHi+7EvV7O4\\n1YqxgcDMdvZ9bSCBzZFxTAQ0iXw8GppsNVVSdJRrWyjfuPspK/KYKW2zzhKnaSJ5\\neEBcCU7j5CvuhKpMuV2rBy+w0U+ovU8X+/zkjSAGpaX3pnlJSgwor31eL9sX8gX3\\n3rbBhOjn9ReghORMvZiL5oQ8n6SiVMTN2yw4fwsMZQKBgQDpkhLq9cNWHtgh3XQb\\n4Oe8dSCEEKyr4SQ+iMLa3iqAtcGIbMOxmezGPYu1Oo9jWIFgethN9YryYpFvh2Za\\nHBkHh+H/5D4dtPryGB432Ppsy2nx3OvV3yHvUQLECfVqO9jGXsi5g1xRPmyO8p01\\nl1Vl9Mmtf+NAM+83q9QayY3JLQKBgQDEXTVgXd+qYdrsZMkw6TEjX69/qQoOtnyh\\nsYrvuAr+Vh+UC8LnvoCEweCKtPC08Q9WceDynXA5kVEiw2FnNpEXWwEC+nreGLVD\\nBFbuDW7ZMIqTlWgn9MKxD1bfrLOwciXiy5LgSKWb8fBR/LGFqeXrq581OT0LHfXa\\nqfANTTEqdQKBgCDGKnllut8evN0joeM3j8zV8pYVcOU9VkSgFBd6DSS6XEm0WVFW\\nc+7tO+lWKkCabq0HD8sApVqVkirAKRCD2M9BteieMkkg2AWYdMUJYTpa4KbbhQwh\\nnzVhfK3dZ95cP3K2YhwF3rJXvAvi50RZ09XWn2YFB/I+V1bMeZq4pXiRAoGBAMB4\\nD/J18N6Dbd8ZZq6fUz+18UIzAR2stvqSGHmhLn1fEzK8WH1oF3aIxjuO4QSp53u2\\nwWNs9+wlSJ7HXTianpqC47n0o+v/0eNvZHmPByCxWJMR9fZ8DT0ZqPAyyinfqMzk\\n9wEJk/IHsaPbCHHYNvnJzZKQmQnFgw6iVR3klJVlAoGBAIYso3ATglPemq4KNOOT\\n21hZhSVX7mNsZDvA9D6eBe5ITzk5RTkQgpZb2kwkx83LwLW8ZcGxaeuadZ872uHi\\noEg3Pkqr8YQGo88u9UCxjaHGGLdWtvXENaHpiBdK1OAmiK175KXqqDh7fDd8I4Ah\\nt2CzXGWcIusHKArRQNEwp7ht\\n-----END PRIVATE KEY-----\\n\",\n  \"client_email\": \"jenkins-registry@groovy-student-275113.iam.gserviceaccount.com\",\n  \"client_id\": \"106184918613343273138\",\n  \"auth_uri\": \"https://accounts.google.com/o/oauth2/auth\",\n  \"token_uri\": \"https://oauth2.googleapis.com/token\",\n  \"auth_provider_x509_cert_url\": \"https://www.googleapis.com/oauth2/v1/certs\",\n  \"client_x509_cert_url\": \"https://www.googleapis.com/robot/v1/metadata/x509/jenkins-registry%40groovy-student-275113.iam.gserviceaccount.com\"\n}\n",
            "status": "done"
          },
          "status": "done"
        }
      },
      "type": [
        "object",
        {
          "cluster": [
            "object",
            {
              "cluster_name": "string",
              "gcp_cluster_endpoint": "string",
              "status": "string"
            }
          ],
          "jenkins": [
            "object",
            {
              "service_account": [
                "object",
                {
                  "service_account_email": "string",
                  "service_account_json_key": "string",
                  "status": "string"
                }
              ],
              "status": "string"
            }
          ]
        }
      ]
    }
  },
  "resources": [
    {
      "module": "module.dev.module.create_cluster",
      "mode": "managed",
      "type": "google_container_cluster",
      "name": "cluster",
      "provider": "module.dev.provider.google",
      "instances": [
        {
          "schema_version": 1,
          "attributes": {
            "additional_zones": [],
            "addons_config": [
              {
                "horizontal_pod_autoscaling": [],
                "http_load_balancing": [],
                "kubernetes_dashboard": [],
                "network_policy_config": [
                  {
                    "disabled": true
                  }
                ]
              }
            ],
            "authenticator_groups_config": [],
            "cluster_autoscaling": [
              {
                "auto_provisioning_defaults": [],
                "enabled": false,
                "resource_limits": []
              }
            ],
            "cluster_ipv4_cidr": "10.16.0.0/14",
            "default_max_pods_per_node": 110,
            "description": "",
            "enable_binary_authorization": false,
            "enable_intranode_visibility": null,
            "enable_kubernetes_alpha": false,
            "enable_legacy_abac": false,
            "enable_tpu": null,
            "endpoint": "35.223.9.101",
            "id": "projects/groovy-student-275113/locations/us-central1-c/clusters/microservices",
            "initial_node_count": 1,
            "instance_group_urls": [
              "https://www.googleapis.com/compute/v1/projects/groovy-student-275113/zones/us-central1-c/instanceGroups/gke-microservices-node-pool-96cb3d69-grp"
            ],
            "ip_allocation_policy": [],
            "label_fingerprint": "a9dc16a7",
            "location": "us-central1-c",
            "logging_service": "logging.googleapis.com/kubernetes",
            "maintenance_policy": [
              {
                "daily_maintenance_window": [
                  {
                    "duration": "PT4H0M0S",
                    "start_time": "00:00"
                  }
                ],
                "recurring_window": []
              }
            ],
            "master_auth": [
              {
                "client_certificate": "",
                "client_certificate_config": [
                  {
                    "issue_client_certificate": false
                  }
                ],
                "client_key": "",
                "cluster_ca_certificate": "LS0tLS1CRUdJTiBDRVJUSUZJQ0FURS0tLS0tCk1JSURERENDQWZTZ0F3SUJBZ0lSQUp1RVQ1b3p5Q1JOUmZrbmgvQTduNTR3RFFZSktvWklodmNOQVFFTEJRQXcKTHpFdE1Dc0dBMVVFQXhNa01XWXdaV1UzTmprdE16SmtPQzAwTVdZMkxXSmxabU10T1dFd1pETmlZMlUwWkRNdwpNQjRYRFRJd01EVXhNekV3TWpRME5Gb1hEVEkxTURVeE1qRXhNalEwTkZvd0x6RXRNQ3NHQTFVRUF4TWtNV1l3ClpXVTNOamt0TXpKa09DMDBNV1kyTFdKbFptTXRPV0V3WkROaVkyVTBaRE13TUlJQklqQU5CZ2txaGtpRzl3MEIKQVFFRkFBT0NBUThBTUlJQkNnS0NBUUVBdFVJMk9kVDdTUExHTmhPRmdJMzVzbnRIY3Q5Ny9DY3pKY3J1TUwxaAp3c2prVGp5M0dsaGU1Z09CbmhHSEt4MmswTEJBUkszS2tvNExCUExUZGZ3dEFvQXR1ZVV2cHM5S3RMU0p3TnlqCnVWb29qaFFoSXF0OUJiZ0RudHJxWWc1UTFrbTZodjJWYWpEZjc5NW04SUxTT3ZhazFyTUthWld3VDVrV0MrbzMKcVlIMG9iT3YwRTk5MGlnSXdkRm53WjJyTExTbWtwMlArcnJuQXFPL3czenBNVmgvdis2WGp0cm41ZHNua3BXNAowSTFQdkFRelRwN0NVcGc0T2djbXRTVmZDS21qNTl5Mmp5d1dCZVJjc0o1WFhPWEVpL0JMM1FJSllCZVdQVktlCitndzJ3Z0lZY1VIMnpreU94YmgxKzFKbS9Jc1RVdytocWNXOEVpTnFRS3NVMndJREFRQUJveU13SVRBT0JnTlYKSFE4QkFmOEVCQU1DQWdRd0R3WURWUjBUQVFIL0JBVXdBd0VCL3pBTkJna3Foa2lHOXcwQkFRc0ZBQU9DQVFFQQpGQWJVV2lHc01Bb1YyRUhOTWNPb1hwM2lsemFxNmJiaDNNMHI4c0hwblFqMG45dWVBT0FmK2E0RzVMTzBDRnNNCnVaNnU2UmsxRmtxWFV4YVJaTW1Dek05dWxhdDdNTktwVEsydEoybW9ERE5rVVRrRmo1WUxyZlc3Qm01OHhaZXoKVktiVDlNdjFIUUFUWHFtT0RyaDBNOHMwWFpXQXFlc1NRNi8ycERMYjZwNnQrUm1TaU05QXJCd21GOTRhVzVBdwpCTEFJbXppK2lUZTEwV2RaTWh6K3diYWZGYmE1ZUo1VEsrU2JkMnV5NnBabkNGeFc4L3pBUmQxaWgwcG4vVmRDCkpDWHU4QUl0QTZZd1g0Q3ZvZFRmdStNbHZGQXpwWWtmVDlpaHpOV2pSSW1VMVRYSXRlZzVOYndRZmZsZnlxTk8KajVLYUthNDRkdjRYV1FOUkdJb2k2QT09Ci0tLS0tRU5EIENFUlRJRklDQVRFLS0tLS0K",
                "password": "",
                "username": ""
              }
            ],
            "master_authorized_networks_config": [],
            "master_version": "1.14.10-gke.27",
            "min_master_version": null,
            "monitoring_service": "monitoring.googleapis.com/kubernetes",
            "name": "microservices",
            "network": "projects/groovy-student-275113/global/networks/default",
            "network_policy": [
              {
                "enabled": false,
                "provider": "PROVIDER_UNSPECIFIED"
              }
            ],
            "node_config": [
              {
                "disk_size_gb": 100,
                "disk_type": "pd-standard",
                "guest_accelerator": [],
                "image_type": "COS",
                "labels": {},
                "local_ssd_count": 0,
                "machine_type": "n1-standard-2",
                "metadata": {
                  "disable-legacy-endpoints": "true"
                },
                "min_cpu_platform": "",
                "oauth_scopes": [
                  "https://www.googleapis.com/auth/compute",
                  "https://www.googleapis.com/auth/devstorage.read_only",
                  "https://www.googleapis.com/auth/logging.write",
                  "https://www.googleapis.com/auth/monitoring",
                  "https://www.googleapis.com/auth/monitoring.write",
                  "https://www.googleapis.com/auth/service.management.readonly",
                  "https://www.googleapis.com/auth/servicecontrol"
                ],
                "preemptible": true,
                "sandbox_config": [],
                "service_account": "default",
                "shielded_instance_config": [
                  {
                    "enable_integrity_monitoring": true,
                    "enable_secure_boot": false
                  }
                ],
                "tags": [],
                "taint": [],
                "workload_metadata_config": []
              }
            ],
            "node_locations": [],
            "node_pool": [
              {
                "autoscaling": [],
                "initial_node_count": 3,
                "instance_group_urls": [
                  "https://www.googleapis.com/compute/v1/projects/groovy-student-275113/zones/us-central1-c/instanceGroupManagers/gke-microservices-node-pool-96cb3d69-grp"
                ],
                "management": [
                  {
                    "auto_repair": false,
                    "auto_upgrade": true
                  }
                ],
                "max_pods_per_node": 0,
                "name": "node-pool",
                "name_prefix": "",
                "node_config": [
                  {
                    "disk_size_gb": 100,
                    "disk_type": "pd-standard",
                    "guest_accelerator": [],
                    "image_type": "COS",
                    "labels": {},
                    "local_ssd_count": 0,
                    "machine_type": "n1-standard-2",
                    "metadata": {
                      "disable-legacy-endpoints": "true"
                    },
                    "min_cpu_platform": "",
                    "oauth_scopes": [
                      "https://www.googleapis.com/auth/compute",
                      "https://www.googleapis.com/auth/devstorage.read_only",
                      "https://www.googleapis.com/auth/logging.write",
                      "https://www.googleapis.com/auth/monitoring",
                      "https://www.googleapis.com/auth/monitoring.write",
                      "https://www.googleapis.com/auth/service.management.readonly",
                      "https://www.googleapis.com/auth/servicecontrol"
                    ],
                    "preemptible": true,
                    "sandbox_config": [],
                    "service_account": "default",
                    "shielded_instance_config": [
                      {
                        "enable_integrity_monitoring": true,
                        "enable_secure_boot": false
                      }
                    ],
                    "tags": [],
                    "taint": [],
                    "workload_metadata_config": []
                  }
                ],
                "node_count": 3,
                "upgrade_settings": [
                  {
                    "max_surge": 1,
                    "max_unavailable": 0
                  }
                ],
                "version": "1.14.10-gke.27"
              }
            ],
            "node_version": "1.14.10-gke.27",
            "operation": null,
            "pod_security_policy_config": [],
            "private_cluster_config": [],
            "project": "groovy-student-275113",
            "region": null,
            "remove_default_node_pool": true,
            "resource_labels": {},
            "resource_usage_export_config": [],
            "services_ipv4_cidr": "10.19.240.0/20",
            "subnetwork": "projects/groovy-student-275113/regions/us-central1/subnetworks/default",
            "timeouts": null,
            "vertical_pod_autoscaling": [],
            "zone": null
          },
          "private": "eyJlMmJmYjczMC1lY2FhLTExZTYtOGY4OC0zNDM2M2JjN2M0YzAiOnsiY3JlYXRlIjoyNDAwMDAwMDAwMDAwLCJkZWxldGUiOjI0MDAwMDAwMDAwMDAsInVwZGF0ZSI6MzYwMDAwMDAwMDAwMH0sInNjaGVtYV92ZXJzaW9uIjoiMSJ9"
        }
      ]
    },
    {
      "module": "module.dev.module.create_cluster",
      "mode": "managed",
      "type": "google_container_node_pool",
      "name": "nodes",
      "provider": "module.dev.provider.google",
      "instances": [
        {
          "schema_version": 1,
          "attributes": {
            "autoscaling": [],
            "cluster": "microservices",
            "id": "projects/groovy-student-275113/locations/us-central1-c/clusters/microservices/nodePools/node-pool",
            "initial_node_count": 3,
            "instance_group_urls": [
              "https://www.googleapis.com/compute/v1/projects/groovy-student-275113/zones/us-central1-c/instanceGroupManagers/gke-microservices-node-pool-96cb3d69-grp"
            ],
            "location": "us-central1-c",
            "management": [
              {
                "auto_repair": false,
                "auto_upgrade": true
              }
            ],
            "max_pods_per_node": null,
            "name": "node-pool",
            "name_prefix": "",
            "node_config": [
              {
                "disk_size_gb": 100,
                "disk_type": "pd-standard",
                "guest_accelerator": [],
                "image_type": "COS",
                "labels": {},
                "local_ssd_count": 0,
                "machine_type": "n1-standard-2",
                "metadata": {
                  "disable-legacy-endpoints": "true"
                },
                "min_cpu_platform": "",
                "oauth_scopes": [
                  "https://www.googleapis.com/auth/compute",
                  "https://www.googleapis.com/auth/devstorage.read_only",
                  "https://www.googleapis.com/auth/logging.write",
                  "https://www.googleapis.com/auth/monitoring",
                  "https://www.googleapis.com/auth/monitoring.write",
                  "https://www.googleapis.com/auth/service.management.readonly",
                  "https://www.googleapis.com/auth/servicecontrol"
                ],
                "preemptible": true,
                "sandbox_config": [],
                "service_account": "default",
                "shielded_instance_config": [
                  {
                    "enable_integrity_monitoring": true,
                    "enable_secure_boot": false
                  }
                ],
                "tags": [],
                "taint": [],
                "workload_metadata_config": []
              }
            ],
            "node_count": 3,
            "project": "groovy-student-275113",
            "region": null,
            "timeouts": null,
            "upgrade_settings": [
              {
                "max_surge": 1,
                "max_unavailable": 0
              }
            ],
            "version": "1.14.10-gke.27",
            "zone": null
          },
          "private": "eyJlMmJmYjczMC1lY2FhLTExZTYtOGY4OC0zNDM2M2JjN2M0YzAiOnsiY3JlYXRlIjoxODAwMDAwMDAwMDAwLCJkZWxldGUiOjE4MDAwMDAwMDAwMDAsInVwZGF0ZSI6MTgwMDAwMDAwMDAwMH0sInNjaGVtYV92ZXJzaW9uIjoiMSJ9",
          "dependencies": [
            "module.dev.module.create_cluster.google_container_cluster.cluster"
          ]
        }
      ]
    },
    {
      "module": "module.dev.module.setup_jenkins.module.create_service_account",
      "mode": "managed",
      "type": "google_project_iam_member",
      "name": "role-binding",
      "each": "list",
      "provider": "module.dev.provider.google",
      "instances": [
        {
          "index_key": 0,
          "schema_version": 0,
          "attributes": {
            "etag": "BwWlhdRZapg=",
            "id": "groovy-student-275113/roles/storage.admin/serviceaccount:jenkins-registry@groovy-student-275113.iam.gserviceaccount.com",
            "member": "serviceAccount:jenkins-registry@groovy-student-275113.iam.gserviceaccount.com",
            "project": "groovy-student-275113",
            "role": "roles/storage.admin"
          },
          "private": "bnVsbA==",
          "dependencies": [
            "module.dev.module.setup_jenkins.module.create_service_account.google_service_account.service_account"
          ]
        },
        {
          "index_key": 1,
          "schema_version": 0,
          "attributes": {
            "etag": "BwWlhdRZapg=",
            "id": "groovy-student-275113/roles/storage.objectAdmin/serviceaccount:jenkins-registry@groovy-student-275113.iam.gserviceaccount.com",
            "member": "serviceAccount:jenkins-registry@groovy-student-275113.iam.gserviceaccount.com",
            "project": "groovy-student-275113",
            "role": "roles/storage.objectAdmin"
          },
          "private": "bnVsbA==",
          "dependencies": [
            "module.dev.module.setup_jenkins.module.create_service_account.google_service_account.service_account"
          ]
        },
        {
          "index_key": 2,
          "schema_version": 0,
          "attributes": {
            "etag": "BwWlhdRZapg=",
            "id": "groovy-student-275113/roles/container.developer/serviceaccount:jenkins-registry@groovy-student-275113.iam.gserviceaccount.com",
            "member": "serviceAccount:jenkins-registry@groovy-student-275113.iam.gserviceaccount.com",
            "project": "groovy-student-275113",
            "role": "roles/container.developer"
          },
          "private": "bnVsbA==",
          "dependencies": [
            "module.dev.module.setup_jenkins.module.create_service_account.google_service_account.service_account"
          ]
        }
      ]
    },
    {
      "module": "module.dev.module.setup_jenkins.module.create_service_account",
      "mode": "managed",
      "type": "google_service_account",
      "name": "service_account",
      "provider": "module.dev.provider.google",
      "instances": [
        {
          "schema_version": 0,
          "attributes": {
            "account_id": "jenkins-registry",
            "description": "",
            "display_name": "Jenkins Container Registry",
            "email": "jenkins-registry@groovy-student-275113.iam.gserviceaccount.com",
            "id": "projects/groovy-student-275113/serviceAccounts/jenkins-registry@groovy-student-275113.iam.gserviceaccount.com",
            "name": "projects/groovy-student-275113/serviceAccounts/jenkins-registry@groovy-student-275113.iam.gserviceaccount.com",
            "project": "groovy-student-275113",
            "unique_id": "106184918613343273138"
          },
          "private": "bnVsbA=="
        }
      ]
    },
    {
      "module": "module.dev.module.setup_jenkins.module.create_service_account",
      "mode": "managed",
      "type": "google_service_account_key",
      "name": "key",
      "provider": "module.dev.provider.google",
      "instances": [
        {
          "schema_version": 0,
          "attributes": {
            "id": "projects/groovy-student-275113/serviceAccounts/jenkins-registry@groovy-student-275113.iam.gserviceaccount.com/keys/784e4d5fa06a1500c1496f36fc3994f8ee0dd92a",
            "key_algorithm": "KEY_ALG_RSA_2048",
            "name": "projects/groovy-student-275113/serviceAccounts/jenkins-registry@groovy-student-275113.iam.gserviceaccount.com/keys/784e4d5fa06a1500c1496f36fc3994f8ee0dd92a",
            "pgp_key": null,
            "private_key": "ewogICJ0eXBlIjogInNlcnZpY2VfYWNjb3VudCIsCiAgInByb2plY3RfaWQiOiAiZ3Jvb3Z5LXN0dWRlbnQtMjc1MTEzIiwKICAicHJpdmF0ZV9rZXlfaWQiOiAiNzg0ZTRkNWZhMDZhMTUwMGMxNDk2ZjM2ZmMzOTk0ZjhlZTBkZDkyYSIsCiAgInByaXZhdGVfa2V5IjogIi0tLS0tQkVHSU4gUFJJVkFURSBLRVktLS0tLVxuTUlJRXZnSUJBREFOQmdrcWhraUc5dzBCQVFFRkFBU0NCS2d3Z2dTa0FnRUFBb0lCQVFDektPRS83ZHkxZFo5ZVxuY0pDZFFNZlRZKzlRV0pFVjliVm5DVEtSeUxDVk9RZTdNeHhodFdSVHBDbWZqQ1V4OVpDUUpzMTE2enJyZFhqTlxuVDhjNzVpNjAwQ3BBazF2cHZISmwwb3drREtySXliYTZzVmlFWTFacitjK0hxUG85bkQwL2RicGhBL3R5Ni9aNlxubmhDU1NsaGFJMlNXaFhDMm1kYjE4Tk9EeWFWTUxhdUxYa3ZhU1NEVzIwU25FMFNJOEc4dGVDQkpIeHdDdWtUN1xuUG1meUpWMlVZa01DeFlCdzlPVlZoSkduazd3VnJRaHpha0xHN1FsVnlkR3F0TTZyaGJVazhVNmRiU1pxR1dDMlxucFlsY0hkdkozbVZPZjBybm5DV0VoYlNYVFRncEtSaWkzbEZKRVIrMEZTT0dhK2hLWms3WGtLU05XN1NoY3BPV1xuOWo1cmExT1JBZ01CQUFFQ2dnRUFIVE50eVQ5eDhJS1FHL0t4WTJ3V1ZjSk5WSFZuQ21MK3N1RkpKSUZISkw5RFxubnhPa3pka2tsY3hsTzF1NmlVTEswZS85SDNuY1k5bkUrNFBFQjZPTUc4enRBaEx5a1cxMVlOcTVIRHdUVHdBdlxub0F5OVRuQ3BlcFpnS0s2V1FObjVFcUdUNC9HajkzWjF1VVVQa3VSNnM1QmV1ZmpjWnVxNm9tSGkrN0V2VjdPNFxuMVlxeGdjRE1kdlo5YlNDQnpaRnhUQVEwaVh3OEdwcHNOVlZTZEpScld5amZ1UHNwSy9LWUtXMnp6aEtuYVNKNVxuZUVCY0NVN2o1Q3Z1aEtwTXVWMnJCeSt3MFUrb3ZVOFgrL3pralNBR3BhWDNwbmxKU2d3b3IzMWVMOXNYOGdYM1xuM3JiQmhPam45UmVnaE9STXZaaUw1b1E4bjZTaVZNVE4yeXc0ZndzTVpRS0JnUURwa2hMcTljTldIdGdoM1hRYlxuNE9lOGRTQ0VFS3lyNFNRK2lNTGEzaXFBdGNHSWJNT3htZXpHUFl1MU9vOWpXSUZnZXRoTjlZcnlZcEZ2aDJaYVxuSEJrSGgrSC81RDRkdFByeUdCNDMyUHBzeTJueDNPdlYzeUh2VVFMRUNmVnFPOWpHWHNpNWcxeFJQbXlPOHAwMVxubDFWbDlNbXRmK05BTSs4M3E5UWF5WTNKTFFLQmdRREVYVFZnWGQrcVlkcnNaTWt3NlRFalg2OS9xUW9PdG55aFxuc1lydnVBcitWaCtVQzhMbnZvQ0V3ZUNLdFBDMDhROVdjZUR5blhBNWtWRWl3MkZuTnBFWFd3RUMrbnJlR0xWRFxuQkZidURXN1pNSXFUbFdnbjlNS3hEMWJmckxPd2NpWGl5NUxnU0tXYjhmQlIvTEdGcWVYcnE1ODFPVDBMSGZYYVxucWZBTlRURXFkUUtCZ0NER0tubGx1dDhldk4wam9lTTNqOHpWOHBZVmNPVTlWa1NnRkJkNkRTUzZYRW0wV1ZGV1xuYys3dE8rbFdLa0NhYnEwSEQ4c0FwVnFWa2lyQUtSQ0QyTTlCdGVpZU1ra2cyQVdZZE1VSllUcGE0S2JiaFF3aFxubnpWaGZLM2RaOTVjUDNLMllod0YzckpYdkF2aTUwUlowOVhXbjJZRkIvSStWMWJNZVpxNHBYaVJBb0dCQU1CNFxuRC9KMThONkRiZDhaWnE2ZlV6KzE4VUl6QVIyc3R2cVNHSG1oTG4xZkV6SzhXSDFvRjNhSXhqdU80UVNwNTN1Mlxud1dOczkrd2xTSjdIWFRpYW5wcUM0N24wbyt2LzBlTnZaSG1QQnlDeFdKTVI5Zlo4RFQwWnFQQXl5aW5mcU16a1xuOXdFSmsvSUhzYVBiQ0hIWU52bkp6WktRbVFuRmd3NmlWUjNrbEpWbEFvR0JBSVlzbzNBVGdsUGVtcTRLTk9PVFxuMjFoWmhTVlg3bU5zWkR2QTlENmVCZTVJVHprNVJUa1FncFpiMmt3a3g4M0x3TFc4WmNHeGFldWFkWjg3MnVIaVxub0VnM1BrcXI4WVFHbzg4dTlVQ3hqYUhHR0xkV3R2WEVOYUhwaUJkSzFPQW1pSzE3NUtYcXFEaDdmRGQ4STRBaFxudDJDelhHV2NJdXNIS0FyUlFORXdwN2h0XG4tLS0tLUVORCBQUklWQVRFIEtFWS0tLS0tXG4iLAogICJjbGllbnRfZW1haWwiOiAiamVua2lucy1yZWdpc3RyeUBncm9vdnktc3R1ZGVudC0yNzUxMTMuaWFtLmdzZXJ2aWNlYWNjb3VudC5jb20iLAogICJjbGllbnRfaWQiOiAiMTA2MTg0OTE4NjEzMzQzMjczMTM4IiwKICAiYXV0aF91cmkiOiAiaHR0cHM6Ly9hY2NvdW50cy5nb29nbGUuY29tL28vb2F1dGgyL2F1dGgiLAogICJ0b2tlbl91cmkiOiAiaHR0cHM6Ly9vYXV0aDIuZ29vZ2xlYXBpcy5jb20vdG9rZW4iLAogICJhdXRoX3Byb3ZpZGVyX3g1MDlfY2VydF91cmwiOiAiaHR0cHM6Ly93d3cuZ29vZ2xlYXBpcy5jb20vb2F1dGgyL3YxL2NlcnRzIiwKICAiY2xpZW50X3g1MDlfY2VydF91cmwiOiAiaHR0cHM6Ly93d3cuZ29vZ2xlYXBpcy5jb20vcm9ib3QvdjEvbWV0YWRhdGEveDUwOS9qZW5raW5zLXJlZ2lzdHJ5JTQwZ3Jvb3Z5LXN0dWRlbnQtMjc1MTEzLmlhbS5nc2VydmljZWFjY291bnQuY29tIgp9Cg==",
            "private_key_encrypted": null,
            "private_key_fingerprint": null,
            "private_key_type": "TYPE_GOOGLE_CREDENTIALS_FILE",
            "public_key": "LS0tLS1CRUdJTiBDRVJUSUZJQ0FURS0tLS0tCk1JSUMrakNDQWVLZ0F3SUJBZ0lJTXh6YUJ5VzhtU2N3RFFZSktvWklodmNOQVFFRkJRQXdJREVlTUJ3R0ExVUUKQXhNVk1UQTJNVGcwT1RFNE5qRXpNelF6TWpjek1UTTRNQjRYRFRJd01EVXhNekV4TWpRMU1Gb1hEVE13TURVeApNVEV4TWpRMU1Gb3dJREVlTUJ3R0ExVUVBeE1WTVRBMk1UZzBPVEU0TmpFek16UXpNamN6TVRNNE1JSUJJakFOCkJna3Foa2lHOXcwQkFRRUZBQU9DQVE4QU1JSUJDZ0tDQVFFQXN5amhQKzNjdFhXZlhuQ1FuVURIMDJQdlVGaVIKRmZXMVp3a3lrY2l3bFRrSHV6TWNZYlZrVTZRcG40d2xNZldRa0NiTmRlczY2M1Y0elUvSE8rWXV0TkFxUUpOYgo2Ynh5WmRLTUpBeXF5TW0ydXJGWWhHTldhL25QaDZqNlBadzlQM1c2WVFQN2N1djJlcDRRa2twWVdpTmtsb1Z3CnRwblc5ZkRUZzhtbFRDMnJpMTVMMmtrZzF0dEVweE5FaVBCdkxYZ2dTUjhjQXJwRSt6NW44aVZkbEdKREFzV0EKY1BUbFZZU1JwNU84RmEwSWMycEN4dTBKVmNuUnFyVE9xNFcxSlBGT25XMG1haGxndHFXSlhCM2J5ZDVsVG45Swo1NXdsaElXMGwwMDRLU2tZb3Q1UlNSRWZ0QlVqaG12b1NtWk8xNUNralZ1MG9YS1RsdlkrYTJ0VGtRSURBUUFCCm96Z3dOakFNQmdOVkhSTUJBZjhFQWpBQU1BNEdBMVVkRHdFQi93UUVBd0lIZ0RBV0JnTlZIU1VCQWY4RUREQUsKQmdnckJnRUZCUWNEQWpBTkJna3Foa2lHOXcwQkFRVUZBQU9DQVFFQWRIcncvN1FqWkQrMVBudGlmbnpYOVkvUgp4bmlkeDJRUXBRVno3MVZJRlBscWt2RU9obmhsdFlZTVllbEdFOEZiRWV4SExFVHFhMFVhWWF0Qk9SMHduSlIzCitpakxEcHpEUnlhcXltL2Y1bEM3S3lWTGI4NE5HRDE0SENkSFJ1SWxFcTQyWnpwWEc3dW12SlpOS0hHYUN5VWkKU3NlTS9EWmVJME43bDJJMjdmb1QxdFpWUlhMQzgwMHBYbE9MTUtLODF0OW0rTjlxU3ZGdDY2enVHUHNRclBPNApILzNaaGcvUU0raldyL3pxUW5ZQytNa0RNbS9xb2JsQnVrU0xxVVVzVjFhVjU0bks1bCtkNDdLaFBod3lENVZECklrSy9UdGxWU3c4OFp2am5YSFRFVzVwSm4yQTl5OEhraW9nY3ZpRk4xS28vaGtKYVVjcDAwNVlGQ05rVlNBPT0KLS0tLS1FTkQgQ0VSVElGSUNBVEUtLS0tLQo=",
            "public_key_type": "TYPE_X509_PEM_FILE",
            "service_account_id": "jenkins-registry@groovy-student-275113.iam.gserviceaccount.com",
            "valid_after": "2020-05-13T11:24:50Z",
            "valid_before": "2030-05-11T11:24:50Z"
          },
          "private": "bnVsbA==",
          "dependencies": [
            "module.dev.module.setup_jenkins.module.create_service_account.google_service_account.service_account"
          ]
        }
      ]
    },
    {
      "module": "module.dev.module.setup_jenkins",
      "mode": "managed",
      "type": "helm_release",
      "name": "jenkins",
      "provider": "module.dev.provider.helm",
      "instances": [
        {
          "schema_version": 0,
          "attributes": {
            "atomic": false,
            "chart": "stable/jenkins",
            "cleanup_on_fail": false,
            "create_namespace": false,
            "dependency_update": false,
            "description": null,
            "devel": null,
            "disable_crd_hooks": false,
            "disable_openapi_validation": false,
            "disable_webhooks": false,
            "force_update": false,
            "id": "jenkins",
            "keyring": null,
            "max_history": 0,
            "metadata": [
              {
                "chart": "jenkins",
                "name": "jenkins",
                "namespace": "jenkins",
                "revision": 1,
                "values": "{\"master\":{\"installPlugins\":[\"kubernetes:1.25.4\",\"workflow-job:2.39\",\"command-launcher:1.4\",\"workflow-aggregator:2.6\",\"credentials-binding:1.21\",\"git:4.2.2\",\"configuration-as-code:1.40\",\"jdk-tool:1.4\",\"blueocean:1.23.1\"],\"serviceType\":\"LoadBalancer\"}}",
                "version": "1.18.0"
              }
            ],
            "name": "jenkins",
            "namespace": "jenkins",
            "postrender": [],
            "recreate_pods": false,
            "render_subchart_notes": true,
            "replace": false,
            "repository": null,
            "repository_ca_file": null,
            "repository_cert_file": null,
            "repository_key_file": null,
            "repository_password": null,
            "repository_username": null,
            "reset_values": false,
            "reuse_values": false,
            "set": [],
            "set_sensitive": [],
            "set_string": [],
            "skip_crds": false,
            "status": "deployed",
            "timeout": 300,
            "values": [
              "master:\n  serviceType: LoadBalancer\n  installPlugins:\n    - kubernetes:1.25.4\n    - workflow-job:2.39\n    - command-launcher:1.4\n    - workflow-aggregator:2.6\n    - credentials-binding:1.21\n    - git:4.2.2\n    - configuration-as-code:1.40\n    - jdk-tool:1.4\n    - blueocean:1.23.1"
            ],
            "verify": false,
            "version": "1.18.0",
            "wait": true
          },
          "private": "bnVsbA==",
          "dependencies": [
            "module.dev.kubernetes_namespace.jenkins",
            "module.dev.module.create_cluster.google_container_cluster.cluster",
            "module.dev.module.create_cluster.google_container_node_pool.nodes"
          ]
        }
      ]
    },
    {
      "module": "module.dev",
      "mode": "managed",
      "type": "kubernetes_namespace",
      "name": "jenkins",
      "provider": "module.dev.provider.kubernetes",
      "instances": [
        {
          "schema_version": 0,
          "attributes": {
            "id": "jenkins",
            "metadata": [
              {
                "annotations": null,
                "generate_name": "",
                "generation": 0,
                "labels": null,
                "name": "jenkins",
                "resource_version": "6724",
                "self_link": "/api/v1/namespaces/jenkins",
                "uid": "b411b596-9510-11ea-a5b4-42010a80015d"
              }
            ],
            "timeouts": null
          },
          "private": "eyJlMmJmYjczMC1lY2FhLTExZTYtOGY4OC0zNDM2M2JjN2M0YzAiOnsiZGVsZXRlIjozMDAwMDAwMDAwMDB9fQ==",
          "dependencies": [
            "module.dev.module.create_cluster.google_container_cluster.cluster",
            "module.dev.module.create_cluster.google_container_node_pool.nodes"
          ]
        }
      ]
    },
    {
      "module": "module.dev.module.setup_jenkins",
      "mode": "managed",
      "type": "kubernetes_secret",
      "name": "google-application-credentials",
      "provider": "module.dev.provider.kubernetes",
      "instances": [
        {
          "schema_version": 0,
          "attributes": {
            "data": {
              "credentials.json": "{\n  \"type\": \"service_account\",\n  \"project_id\": \"groovy-student-275113\",\n  \"private_key_id\": \"784e4d5fa06a1500c1496f36fc3994f8ee0dd92a\",\n  \"private_key\": \"-----BEGIN PRIVATE KEY-----\\nMIIEvgIBADANBgkqhkiG9w0BAQEFAASCBKgwggSkAgEAAoIBAQCzKOE/7dy1dZ9e\\ncJCdQMfTY+9QWJEV9bVnCTKRyLCVOQe7MxxhtWRTpCmfjCUx9ZCQJs116zrrdXjN\\nT8c75i600CpAk1vpvHJl0owkDKrIyba6sViEY1Zr+c+HqPo9nD0/dbphA/ty6/Z6\\nnhCSSlhaI2SWhXC2mdb18NODyaVMLauLXkvaSSDW20SnE0SI8G8teCBJHxwCukT7\\nPmfyJV2UYkMCxYBw9OVVhJGnk7wVrQhzakLG7QlVydGqtM6rhbUk8U6dbSZqGWC2\\npYlcHdvJ3mVOf0rnnCWEhbSXTTgpKRii3lFJER+0FSOGa+hKZk7XkKSNW7ShcpOW\\n9j5ra1ORAgMBAAECggEAHTNtyT9x8IKQG/KxY2wWVcJNVHVnCmL+suFJJIFHJL9D\\nnxOkzdkklcxlO1u6iULK0e/9H3ncY9nE+4PEB6OMG8ztAhLykW11YNq5HDwTTwAv\\noAy9TnCpepZgKK6WQNn5EqGT4/Gj93Z1uUUPkuR6s5BeufjcZuq6omHi+7EvV7O4\\n1YqxgcDMdvZ9bSCBzZFxTAQ0iXw8GppsNVVSdJRrWyjfuPspK/KYKW2zzhKnaSJ5\\neEBcCU7j5CvuhKpMuV2rBy+w0U+ovU8X+/zkjSAGpaX3pnlJSgwor31eL9sX8gX3\\n3rbBhOjn9ReghORMvZiL5oQ8n6SiVMTN2yw4fwsMZQKBgQDpkhLq9cNWHtgh3XQb\\n4Oe8dSCEEKyr4SQ+iMLa3iqAtcGIbMOxmezGPYu1Oo9jWIFgethN9YryYpFvh2Za\\nHBkHh+H/5D4dtPryGB432Ppsy2nx3OvV3yHvUQLECfVqO9jGXsi5g1xRPmyO8p01\\nl1Vl9Mmtf+NAM+83q9QayY3JLQKBgQDEXTVgXd+qYdrsZMkw6TEjX69/qQoOtnyh\\nsYrvuAr+Vh+UC8LnvoCEweCKtPC08Q9WceDynXA5kVEiw2FnNpEXWwEC+nreGLVD\\nBFbuDW7ZMIqTlWgn9MKxD1bfrLOwciXiy5LgSKWb8fBR/LGFqeXrq581OT0LHfXa\\nqfANTTEqdQKBgCDGKnllut8evN0joeM3j8zV8pYVcOU9VkSgFBd6DSS6XEm0WVFW\\nc+7tO+lWKkCabq0HD8sApVqVkirAKRCD2M9BteieMkkg2AWYdMUJYTpa4KbbhQwh\\nnzVhfK3dZ95cP3K2YhwF3rJXvAvi50RZ09XWn2YFB/I+V1bMeZq4pXiRAoGBAMB4\\nD/J18N6Dbd8ZZq6fUz+18UIzAR2stvqSGHmhLn1fEzK8WH1oF3aIxjuO4QSp53u2\\nwWNs9+wlSJ7HXTianpqC47n0o+v/0eNvZHmPByCxWJMR9fZ8DT0ZqPAyyinfqMzk\\n9wEJk/IHsaPbCHHYNvnJzZKQmQnFgw6iVR3klJVlAoGBAIYso3ATglPemq4KNOOT\\n21hZhSVX7mNsZDvA9D6eBe5ITzk5RTkQgpZb2kwkx83LwLW8ZcGxaeuadZ872uHi\\noEg3Pkqr8YQGo88u9UCxjaHGGLdWtvXENaHpiBdK1OAmiK175KXqqDh7fDd8I4Ah\\nt2CzXGWcIusHKArRQNEwp7ht\\n-----END PRIVATE KEY-----\\n\",\n  \"client_email\": \"jenkins-registry@groovy-student-275113.iam.gserviceaccount.com\",\n  \"client_id\": \"106184918613343273138\",\n  \"auth_uri\": \"https://accounts.google.com/o/oauth2/auth\",\n  \"token_uri\": \"https://oauth2.googleapis.com/token\",\n  \"auth_provider_x509_cert_url\": \"https://www.googleapis.com/oauth2/v1/certs\",\n  \"client_x509_cert_url\": \"https://www.googleapis.com/robot/v1/metadata/x509/jenkins-registry%40groovy-student-275113.iam.gserviceaccount.com\"\n}\n"
            },
            "id": "jenkins/jenkins-gcp-service-account",
            "metadata": [
              {
                "annotations": null,
                "generate_name": "",
                "generation": 0,
                "labels": null,
                "name": "jenkins-gcp-service-account",
                "namespace": "jenkins",
                "resource_version": "6740",
                "self_link": "/api/v1/namespaces/jenkins/secrets/jenkins-gcp-service-account",
                "uid": "b54368d5-9510-11ea-a5b4-42010a80015d"
              }
            ],
            "type": "Opaque"
          },
          "private": "bnVsbA==",
          "dependencies": [
            "module.dev.kubernetes_namespace.jenkins",
            "module.dev.module.create_cluster.google_container_cluster.cluster",
            "module.dev.module.create_cluster.google_container_node_pool.nodes",
            "module.dev.module.setup_jenkins.module.create_service_account.google_service_account_key.key"
          ]
        }
      ]
    }
  ]
}
