{
  "version": 4,
  "terraform_version": "0.12.24",
  "serial": 6,
  "lineage": "712c35c1-a162-a5e6-9842-957f5f1acd43",
  "outputs": {
    "dev_setup": {
      "value": {
        "cluster": {
          "cluster_name": "microservices",
          "gcp_cluster_endpoint": "104.198.170.99",
          "status": "done"
        }
      },
      "type": [
        "object",
        {
          "cluster": [
            "object",
            {
              "cluster_name": "string",
              "gcp_cluster_endpoint": "string",
              "status": "string"
            }
          ]
        }
      ]
    }
  },
  "resources": [
    {
      "module": "module.dev.module.create_cluster",
      "mode": "managed",
      "type": "google_container_cluster",
      "name": "cluster",
      "provider": "module.dev.provider.google",
      "instances": [
        {
          "schema_version": 1,
          "attributes": {
            "additional_zones": [],
            "addons_config": [
              {
                "horizontal_pod_autoscaling": [],
                "http_load_balancing": [],
                "kubernetes_dashboard": [],
                "network_policy_config": [
                  {
                    "disabled": true
                  }
                ]
              }
            ],
            "authenticator_groups_config": [],
            "cluster_autoscaling": [
              {
                "auto_provisioning_defaults": [],
                "enabled": false,
                "resource_limits": []
              }
            ],
            "cluster_ipv4_cidr": "10.16.0.0/14",
            "default_max_pods_per_node": 110,
            "description": "",
            "enable_binary_authorization": false,
            "enable_intranode_visibility": null,
            "enable_kubernetes_alpha": false,
            "enable_legacy_abac": false,
            "enable_tpu": null,
            "endpoint": "104.198.170.99",
            "id": "projects/groovy-student-275113/locations/us-central1-c/clusters/microservices",
            "initial_node_count": 1,
            "instance_group_urls": [
              "https://www.googleapis.com/compute/v1/projects/groovy-student-275113/zones/us-central1-c/instanceGroups/gke-microservices-node-pool-fded73a6-grp"
            ],
            "ip_allocation_policy": [],
            "label_fingerprint": "a9dc16a7",
            "location": "us-central1-c",
            "logging_service": "logging.googleapis.com/kubernetes",
            "maintenance_policy": [
              {
                "daily_maintenance_window": [
                  {
                    "duration": "PT4H0M0S",
                    "start_time": "00:00"
                  }
                ],
                "recurring_window": []
              }
            ],
            "master_auth": [
              {
                "client_certificate": "",
                "client_certificate_config": [
                  {
                    "issue_client_certificate": false
                  }
                ],
                "client_key": "",
                "cluster_ca_certificate": "LS0tLS1CRUdJTiBDRVJUSUZJQ0FURS0tLS0tCk1JSURDekNDQWZPZ0F3SUJBZ0lRSUYwaFR3ZWxmejNzSUFxQmZucmxvVEFOQmdrcWhraUc5dzBCQVFzRkFEQXYKTVMwd0t3WURWUVFERXlRMk16TXlNVFprWVMxaU9EZ3dMVFE1TVRBdE9XTTFNeTB3WTJVeU5EWm1ZekJrTURVdwpIaGNOTWpBd05UQTRNVFF6TnpJMldoY05NalV3TlRBM01UVXpOekkyV2pBdk1TMHdLd1lEVlFRREV5UTJNek15Ck1UWmtZUzFpT0Rnd0xUUTVNVEF0T1dNMU15MHdZMlV5TkRabVl6QmtNRFV3Z2dFaU1BMEdDU3FHU0liM0RRRUIKQVFVQUE0SUJEd0F3Z2dFS0FvSUJBUURZUHI3QzU5bXQ2U0NpTEt0eUlwbXZoOVV2bkZTV0FRNHY5QUtibHZjdgpKTFJlNE1lcm5qZ3c0SVEwd0NwTkROOWluRm16YXBVTVM1RGxCYm4wa3E3TTE3WTg2c2tPNEhwUDhDZllDcUhpClJDMnQ3RVdIWllOSllUTGlhTUJ5M1VDNStML2tUR09RYmNJTHpveVVxQnpXRENFTTBqSkJXWlkrMnVrK2hWZ28KWTRnU0ZHd2tzWVUvNGtvSkVmamhrQ1lMWGVwSUd6TXRYSmJtcUlxeDlaZlZVYlYzQkluS2E2UnpQVXFuREJzaAo3a25OSDVRYjhBSTFJSjAwSWk0Q3hpSXdBaFBRYXl6OVg3TGNXc00rb0tzSGJsTnh6RWtYcnV2cllsTm9RL2xMCjNrTldrVVhxajkrSityZkg2TnVFUmxpSG9TQVJ0SzlwSlZ2VDBRTzBGNFI3QWdNQkFBR2pJekFoTUE0R0ExVWQKRHdFQi93UUVBd0lDQkRBUEJnTlZIUk1CQWY4RUJUQURBUUgvTUEwR0NTcUdTSWIzRFFFQkN3VUFBNElCQVFCWgpyMzZyWEY0VG9mWi9pdkI1NVE0aC9XVVcxdnNkaGJJQXcrV3VrSXREMllrcWJNTk0xbkhQZUprSGxXMUx3bDc3Ck9BTFhXOWtZamdEYU5lYXBKWXdxVElJaXF1WCtjTjVXV1krbk9oalErbzBlMGxyMUVwRldRQ0toK21ML2NKeWIKSVZZRUVHUHE0Q0NJTUNGYW1mY1JTN1MrWWFPL0JrSDFCVGo5NUVod0MvSXJXeXlQcjNyQUdUQTVyZTJzOEtSTgpMcDNIUGhCaU9YT2NveFJxclpGZmlNSVRGM3hDcVMvbkp6akNLN241RUdPbXRxWVpJYUZCdnN5K1FnMGFlcHVFCkEyKzJldy8zMEMxRVRHVnBvL1FJeFcyQ2MxVWc1dWxocHlnKzMxNzU3dGh6Zmg4NkZDOWZSdUlhN3NFL0w5eDUKem5DaEhaZVoxYzFsOWdtQ0dYVloKLS0tLS1FTkQgQ0VSVElGSUNBVEUtLS0tLQo=",
                "password": "",
                "username": ""
              }
            ],
            "master_authorized_networks_config": [],
            "master_version": "1.14.10-gke.27",
            "min_master_version": null,
            "monitoring_service": "monitoring.googleapis.com/kubernetes",
            "name": "microservices",
            "network": "projects/groovy-student-275113/global/networks/default",
            "network_policy": [
              {
                "enabled": false,
                "provider": "PROVIDER_UNSPECIFIED"
              }
            ],
            "node_config": [
              {
                "disk_size_gb": 100,
                "disk_type": "pd-standard",
                "guest_accelerator": [],
                "image_type": "COS",
                "labels": {},
                "local_ssd_count": 0,
                "machine_type": "n1-standard-2",
                "metadata": {
                  "disable-legacy-endpoints": "true"
                },
                "min_cpu_platform": "",
                "oauth_scopes": [
                  "https://www.googleapis.com/auth/compute",
                  "https://www.googleapis.com/auth/devstorage.read_only",
                  "https://www.googleapis.com/auth/logging.write",
                  "https://www.googleapis.com/auth/monitoring",
                  "https://www.googleapis.com/auth/monitoring.write",
                  "https://www.googleapis.com/auth/service.management.readonly",
                  "https://www.googleapis.com/auth/servicecontrol"
                ],
                "preemptible": true,
                "sandbox_config": [],
                "service_account": "default",
                "shielded_instance_config": [
                  {
                    "enable_integrity_monitoring": true,
                    "enable_secure_boot": false
                  }
                ],
                "tags": [],
                "taint": [],
                "workload_metadata_config": []
              }
            ],
            "node_locations": [],
            "node_pool": [
              {
                "autoscaling": [],
                "initial_node_count": 3,
                "instance_group_urls": [
                  "https://www.googleapis.com/compute/v1/projects/groovy-student-275113/zones/us-central1-c/instanceGroupManagers/gke-microservices-node-pool-fded73a6-grp"
                ],
                "management": [
                  {
                    "auto_repair": false,
                    "auto_upgrade": true
                  }
                ],
                "max_pods_per_node": 0,
                "name": "node-pool",
                "name_prefix": "",
                "node_config": [
                  {
                    "disk_size_gb": 100,
                    "disk_type": "pd-standard",
                    "guest_accelerator": [],
                    "image_type": "COS",
                    "labels": {},
                    "local_ssd_count": 0,
                    "machine_type": "n1-standard-2",
                    "metadata": {
                      "disable-legacy-endpoints": "true"
                    },
                    "min_cpu_platform": "",
                    "oauth_scopes": [
                      "https://www.googleapis.com/auth/compute",
                      "https://www.googleapis.com/auth/devstorage.read_only",
                      "https://www.googleapis.com/auth/logging.write",
                      "https://www.googleapis.com/auth/monitoring",
                      "https://www.googleapis.com/auth/monitoring.write",
                      "https://www.googleapis.com/auth/service.management.readonly",
                      "https://www.googleapis.com/auth/servicecontrol"
                    ],
                    "preemptible": true,
                    "sandbox_config": [],
                    "service_account": "default",
                    "shielded_instance_config": [
                      {
                        "enable_integrity_monitoring": true,
                        "enable_secure_boot": false
                      }
                    ],
                    "tags": [],
                    "taint": [],
                    "workload_metadata_config": []
                  }
                ],
                "node_count": 3,
                "upgrade_settings": [
                  {
                    "max_surge": 1,
                    "max_unavailable": 0
                  }
                ],
                "version": "1.14.10-gke.27"
              }
            ],
            "node_version": "1.14.10-gke.27",
            "operation": null,
            "pod_security_policy_config": [],
            "private_cluster_config": [],
            "project": "groovy-student-275113",
            "region": null,
            "remove_default_node_pool": true,
            "resource_labels": {},
            "resource_usage_export_config": [],
            "services_ipv4_cidr": "10.19.240.0/20",
            "subnetwork": "projects/groovy-student-275113/regions/us-central1/subnetworks/default",
            "timeouts": null,
            "vertical_pod_autoscaling": [],
            "zone": null
          },
          "private": "eyJlMmJmYjczMC1lY2FhLTExZTYtOGY4OC0zNDM2M2JjN2M0YzAiOnsiY3JlYXRlIjoyNDAwMDAwMDAwMDAwLCJkZWxldGUiOjI0MDAwMDAwMDAwMDAsInVwZGF0ZSI6MzYwMDAwMDAwMDAwMH0sInNjaGVtYV92ZXJzaW9uIjoiMSJ9"
        }
      ]
    },
    {
      "module": "module.dev.module.create_cluster",
      "mode": "managed",
      "type": "google_container_node_pool",
      "name": "nodes",
      "provider": "module.dev.provider.google",
      "instances": [
        {
          "schema_version": 1,
          "attributes": {
            "autoscaling": [],
            "cluster": "microservices",
            "id": "projects/groovy-student-275113/locations/us-central1-c/clusters/microservices/nodePools/node-pool",
            "initial_node_count": 3,
            "instance_group_urls": [
              "https://www.googleapis.com/compute/v1/projects/groovy-student-275113/zones/us-central1-c/instanceGroupManagers/gke-microservices-node-pool-fded73a6-grp"
            ],
            "location": "us-central1-c",
            "management": [
              {
                "auto_repair": false,
                "auto_upgrade": true
              }
            ],
            "max_pods_per_node": null,
            "name": "node-pool",
            "name_prefix": "",
            "node_config": [
              {
                "disk_size_gb": 100,
                "disk_type": "pd-standard",
                "guest_accelerator": [],
                "image_type": "COS",
                "labels": {},
                "local_ssd_count": 0,
                "machine_type": "n1-standard-2",
                "metadata": {
                  "disable-legacy-endpoints": "true"
                },
                "min_cpu_platform": "",
                "oauth_scopes": [
                  "https://www.googleapis.com/auth/compute",
                  "https://www.googleapis.com/auth/devstorage.read_only",
                  "https://www.googleapis.com/auth/logging.write",
                  "https://www.googleapis.com/auth/monitoring",
                  "https://www.googleapis.com/auth/monitoring.write",
                  "https://www.googleapis.com/auth/service.management.readonly",
                  "https://www.googleapis.com/auth/servicecontrol"
                ],
                "preemptible": true,
                "sandbox_config": [],
                "service_account": "default",
                "shielded_instance_config": [
                  {
                    "enable_integrity_monitoring": true,
                    "enable_secure_boot": false
                  }
                ],
                "tags": [],
                "taint": [],
                "workload_metadata_config": []
              }
            ],
            "node_count": 3,
            "project": "groovy-student-275113",
            "region": null,
            "timeouts": null,
            "upgrade_settings": [
              {
                "max_surge": 1,
                "max_unavailable": 0
              }
            ],
            "version": "1.14.10-gke.27",
            "zone": null
          },
          "private": "eyJlMmJmYjczMC1lY2FhLTExZTYtOGY4OC0zNDM2M2JjN2M0YzAiOnsiY3JlYXRlIjoxODAwMDAwMDAwMDAwLCJkZWxldGUiOjE4MDAwMDAwMDAwMDAsInVwZGF0ZSI6MTgwMDAwMDAwMDAwMH0sInNjaGVtYV92ZXJzaW9uIjoiMSJ9",
          "dependencies": [
            "module.dev.module.create_cluster.google_container_cluster.cluster"
          ]
        }
      ]
    },
    {
      "module": "module.dev.module.setup_jenkins",
      "mode": "managed",
      "type": "helm_release",
      "name": "jenkins",
      "provider": "module.dev.provider.helm",
      "instances": [
        {
          "schema_version": 0,
          "attributes": {
            "atomic": false,
            "chart": "stable/jenkins",
            "cleanup_on_fail": false,
            "create_namespace": false,
            "dependency_update": false,
            "description": null,
            "devel": null,
            "disable_crd_hooks": false,
            "disable_openapi_validation": false,
            "disable_webhooks": false,
            "force_update": false,
            "id": "jenkins",
            "keyring": null,
            "max_history": 0,
            "metadata": [
              {
                "chart": "jenkins",
                "name": "jenkins",
                "namespace": "jenkins",
                "revision": 1,
                "values": "{}",
                "version": "1.18.0"
              }
            ],
            "name": "jenkins",
            "namespace": "jenkins",
            "postrender": [],
            "recreate_pods": false,
            "render_subchart_notes": true,
            "replace": false,
            "repository": null,
            "repository_ca_file": null,
            "repository_cert_file": null,
            "repository_key_file": null,
            "repository_password": null,
            "repository_username": null,
            "reset_values": false,
            "reuse_values": false,
            "set": [],
            "set_sensitive": [],
            "set_string": [],
            "skip_crds": false,
            "status": "deployed",
            "timeout": 300,
            "values": null,
            "verify": false,
            "version": "1.18.0",
            "wait": true
          },
          "private": "bnVsbA==",
          "dependencies": [
            "module.dev.kubernetes_namespace.jenkins",
            "module.dev.module.create_cluster.google_container_cluster.cluster",
            "module.dev.module.create_cluster.google_container_node_pool.nodes"
          ]
        }
      ]
    },
    {
      "module": "module.dev",
      "mode": "managed",
      "type": "kubernetes_namespace",
      "name": "jenkins",
      "provider": "module.dev.provider.kubernetes",
      "instances": [
        {
          "schema_version": 0,
          "attributes": {
            "id": "jenkins",
            "metadata": [
              {
                "annotations": null,
                "generate_name": "",
                "generation": 0,
                "labels": null,
                "name": "jenkins",
                "resource_version": "12405",
                "self_link": "/api/v1/namespaces/jenkins",
                "uid": "d5ad83d7-9149-11ea-93f1-42010a800107"
              }
            ],
            "timeouts": null
          },
          "private": "eyJlMmJmYjczMC1lY2FhLTExZTYtOGY4OC0zNDM2M2JjN2M0YzAiOnsiZGVsZXRlIjozMDAwMDAwMDAwMDB9fQ==",
          "dependencies": [
            "module.dev.module.create_cluster.google_container_cluster.cluster",
            "module.dev.module.create_cluster.google_container_node_pool.nodes"
          ]
        }
      ]
    }
  ]
}
